PODS:
  - Alamofire (4.9.1)
  - CocoaLumberjack (3.6.0):
    - CocoaLumberjack/Core (= 3.6.0)
  - CocoaLumberjack/Core (3.6.0)
  - Crashlytics (3.14.0):
    - Fabric (~> 1.10.2)
  - DynamicButton (6.2.1)
  - Fabric (1.10.2)
  - Firebase/Core (6.14.0):
    - Firebase/CoreOnly
    - FirebaseAnalytics (= 6.1.7)
  - Firebase/CoreOnly (6.14.0):
    - FirebaseCore (= 6.5.0)
  - FirebaseAnalytics (6.1.7):
    - FirebaseCore (~> 6.5)
    - FirebaseInstanceID (~> 4.2)
    - GoogleAppMeasurement (= 6.1.7)
    - GoogleUtilities/AppDelegateSwizzler (~> 6.0)
    - GoogleUtilities/MethodSwizzler (~> 6.0)
    - GoogleUtilities/Network (~> 6.0)
    - "GoogleUtilities/NSData+zlib (~> 6.0)"
    - nanopb (= 0.3.9011)
  - FirebaseCore (6.5.0):
    - FirebaseCoreDiagnostics (~> 1.0)
    - FirebaseCoreDiagnosticsInterop (~> 1.0)
    - GoogleUtilities/Environment (~> 6.4)
    - GoogleUtilities/Logger (~> 6.4)
  - FirebaseCoreDiagnostics (1.1.2):
    - FirebaseCoreDiagnosticsInterop (~> 1.0)
    - GoogleDataTransportCCTSupport (~> 1.0)
    - GoogleUtilities/Environment (~> 6.2)
    - GoogleUtilities/Logger (~> 6.2)
    - nanopb (~> 0.3.901)
  - FirebaseCoreDiagnosticsInterop (1.1.0)
  - FirebaseInstanceID (4.2.8):
    - FirebaseCore (~> 6.5)
    - GoogleUtilities/Environment (~> 6.4)
    - GoogleUtilities/UserDefaults (~> 6.4)
  - FlexColorPicker (1.3.1)
  - Fuzi (3.1.1)
  - GoogleAppMeasurement (6.1.7):
    - GoogleUtilities/AppDelegateSwizzler (~> 6.0)
    - GoogleUtilities/MethodSwizzler (~> 6.0)
    - GoogleUtilities/Network (~> 6.0)
    - "GoogleUtilities/NSData+zlib (~> 6.0)"
    - nanopb (= 0.3.9011)
  - GoogleDataTransport (3.2.0)
  - GoogleDataTransportCCTSupport (1.2.3):
    - GoogleDataTransport (~> 3.2)
    - nanopb (~> 0.3.901)
  - GoogleUtilities/AppDelegateSwizzler (6.4.0):
    - GoogleUtilities/Environment
    - GoogleUtilities/Logger
    - GoogleUtilities/Network
  - GoogleUtilities/Environment (6.4.0)
  - GoogleUtilities/Logger (6.4.0):
    - GoogleUtilities/Environment
  - GoogleUtilities/MethodSwizzler (6.4.0):
    - GoogleUtilities/Logger
  - GoogleUtilities/Network (6.4.0):
    - GoogleUtilities/Logger
    - "GoogleUtilities/NSData+zlib"
    - GoogleUtilities/Reachability
  - "GoogleUtilities/NSData+zlib (6.4.0)"
  - GoogleUtilities/Reachability (6.4.0):
    - GoogleUtilities/Logger
  - GoogleUtilities/UserDefaults (6.4.0):
    - GoogleUtilities/Logger
  - Kingfisher (5.12.0):
    - Kingfisher/Core (= 5.12.0)
  - Kingfisher/Core (5.12.0)
  - nanopb (0.3.9011):
    - nanopb/decode (= 0.3.9011)
    - nanopb/encode (= 0.3.9011)
  - nanopb/decode (0.3.9011)
  - nanopb/encode (0.3.9011)
  - SideMenu (6.4.7)
  - SVGKit (2.1.1):
    - CocoaLumberjack (~> 3.0)
  - SwiftFormat/CLI (0.43.2)
  - SwiftLint (0.38.0)
  - SwiftMessages (7.0.1):
    - SwiftMessages/App (= 7.0.1)
  - SwiftMessages/App (7.0.1)

DEPENDENCIES:
  - Alamofire (~> 4.0)
  - Crashlytics (~> 3.9)
  - DynamicButton (~> 6.2)
  - Fabric (~> 1.7)
  - Firebase/Core
  - FlexColorPicker (from `https://github.com/RastislavMirek/FlexColorPicker.git`, tag `1.3.1`)
  - Fuzi (~> 3.1)
  - Kingfisher (~> 5.0)
  - SideMenu (~> 6.4)
  - SVGKit
  - SwiftFormat/CLI
  - SwiftLint
  - SwiftMessages

SPEC REPOS:
  trunk:
    - Alamofire
    - CocoaLumberjack
    - Crashlytics
    - DynamicButton
    - Fabric
    - Firebase
    - FirebaseAnalytics
    - FirebaseCore
    - FirebaseCoreDiagnostics
    - FirebaseCoreDiagnosticsInterop
    - FirebaseInstanceID
    - Fuzi
    - GoogleAppMeasurement
    - GoogleDataTransport
    - GoogleDataTransportCCTSupport
    - GoogleUtilities
    - Kingfisher
    - nanopb
    - SideMenu
    - SVGKit
    - SwiftFormat
    - SwiftLint
    - SwiftMessages

EXTERNAL SOURCES:
  FlexColorPicker:
    :git: https://github.com/RastislavMirek/FlexColorPicker.git
    :tag: 1.3.1

CHECKOUT OPTIONS:
  FlexColorPicker:
    :git: https://github.com/RastislavMirek/FlexColorPicker.git
    :tag: 1.3.1

SPEC CHECKSUMS:
  Alamofire: 85e8a02c69d6020a0d734f6054870d7ecb75cf18
  CocoaLumberjack: 78b0c238666f4f58db069738ec176f4519557516
  Crashlytics: 540b7e5f5da5a042647227a5e3ac51d85eed06df
  DynamicButton: 95f30460793bd3510a5c213ac1b810a5e3d54b6a
  Fabric: 706c8b8098fff96c33c0db69cbf81f9c551d0d74
  Firebase: 0219bb4782eb1406f1b9b0628a2e625484ce910d
  FirebaseAnalytics: f68b9f3f1241385129ae0a83b63627fc420c05e5
  FirebaseCore: 632e05cc5e1199d9147122c16d92305eb04c34bd
  FirebaseCoreDiagnostics: 511f4f3ed7d440bb69127e8b97c2bc8befae639e
  FirebaseCoreDiagnosticsInterop: e9b1b023157e3a2fc6418b5cb601e79b9af7b3a0
  FirebaseInstanceID: ce993a3c3670a8f5d47ce371ac5d143c560608c5
  FlexColorPicker: e627af3d744786378ae65e53214528cc31105921
  Fuzi: bcc5694488dd6e672e126cbf3c5471d7a79506d1
  GoogleAppMeasurement: db118eb61a97dd8c4f7014e368d3c335cbbcf80a
  GoogleDataTransport: 8e9b210c97d55fbff306cc5468ff91b9cb32dcf5
  GoogleDataTransportCCTSupport: 202d7cdf9c4a7d81a2bb7f7e7e1ba6faa421b1f2
  GoogleUtilities: 29bd0d8f850efbd28cff6d99e8b7da1f8d236bcf
  Kingfisher: dc6e0f53bb5b12c3e75bedb0e01bbd7a640eea69
  nanopb: 18003b5e52dab79db540fe93fe9579f399bd1ccd
  SideMenu: 928a015669c3afc201e1fe3a87f1b0bc8993a664
  SVGKit: 652cdf7bef8bec8564d04a8511d3ab50c7595fac
  SwiftFormat: b8c87c9341909d5b7f679f45e3535fc3e58cf13b
  SwiftLint: 4105f061f9812b214568b736dab580ab2c73a582
  SwiftMessages: b577dc7043be8b299857ab35bb663dbff6483bd0

PODFILE CHECKSUM: 64e0916e174beb823206322d8d0d7158f50e9c0c

COCOAPODS: 1.8.4
