PODS:
  - AFNetworking (2.6.3):
    - AFNetworking/NSURLConnection (= 2.6.3)
    - AFNetworking/NSURLSession (= 2.6.3)
    - AFNetworking/Reachability (= 2.6.3)
    - AFNetworking/Security (= 2.6.3)
    - AFNetworking/Serialization (= 2.6.3)
    - AFNetworking/UIKit (= 2.6.3)
  - AFNetworking/NSURLConnection (2.6.3):
    - AFNetworking/Reachability
    - AFNetworking/Security
    - AFNetworking/Serialization
  - AFNetworking/NSURLSession (2.6.3):
    - AFNetworking/Reachability
    - AFNetworking/Security
    - AFNetworking/Serialization
  - AFNetworking/Reachability (2.6.3)
  - AFNetworking/Security (2.6.3)
  - AFNetworking/Serialization (2.6.3)
  - AFNetworking/UIKit (2.6.3):
    - AFNetworking/NSURLConnection
    - AFNetworking/NSURLSession
  - Crashlytics (3.9.3):
    - Fabric (~> 1.7.2)
  - Fabric (1.7.2)
  - Firebase/Core (4.6.0):
    - FirebaseAnalytics (= 4.0.5)
    - FirebaseCore (= 4.0.11)
  - FirebaseAnalytics (4.0.5):
    - FirebaseCore (~> 4.0)
    - FirebaseInstanceID (~> 2.0)
    - GoogleToolboxForMac/NSData+zlib (~> 2.1)
    - nanopb (~> 0.3)
  - FirebaseCore (4.0.11):
    - GoogleToolboxForMac/NSData+zlib (~> 2.1)
  - FirebaseInstanceID (2.0.6)
  - GDataXML-HTML (1.3.0)
  - GoogleToolboxForMac/Defines (2.1.3)
  - GoogleToolboxForMac/NSData+zlib (2.1.3):
    - GoogleToolboxForMac/Defines (= 2.1.3)
  - HexColors (2.3.0)
  - MMDrawerController (0.5.7):
    - MMDrawerController/Core (= 0.5.7)
    - MMDrawerController/MMDrawerBarButtonItem (= 0.5.7)
    - MMDrawerController/MMDrawerVisualStates (= 0.5.7)
    - MMDrawerController/Subclass (= 0.5.7)
  - MMDrawerController+Storyboard (0.0.2):
    - MMDrawerController
  - MMDrawerController/Core (0.5.7)
  - MMDrawerController/MMDrawerBarButtonItem (0.5.7):
    - MMDrawerController/Core
  - MMDrawerController/MMDrawerVisualStates (0.5.7):
    - MMDrawerController/Core
  - MMDrawerController/Subclass (0.5.7):
    - MMDrawerController/Core
  - nanopb (0.3.8):
    - nanopb/decode (= 0.3.8)
    - nanopb/encode (= 0.3.8)
  - nanopb/decode (0.3.8)
  - nanopb/encode (0.3.8)
  - NKOColorPickerView (0.5)
  - SDWebImage (3.7.6):
    - SDWebImage/Core (= 3.7.6)
  - SDWebImage/Core (3.7.6)
  - TSMessages (0.9.13):
    - HexColors (~> 2.3.0)

DEPENDENCIES:
  - AFNetworking (~> 2.6.0)
  - Crashlytics (~> 3.9.3)
  - Fabric (~> 1.7.2)
  - Firebase/Core
  - GDataXML-HTML (~> 1.3.0)
  - MMDrawerController (~> 0.5.7)
  - MMDrawerController+Storyboard
  - NKOColorPickerView (~> 0.5)
  - SDWebImage (~> 3.7.3)
  - TSMessages (from `https://github.com/KrauseFx/TSMessages.git`)

EXTERNAL SOURCES:
  TSMessages:
    :git: https://github.com/KrauseFx/TSMessages.git

CHECKOUT OPTIONS:
  TSMessages:
    :commit: e63f23304f781dcadbac31e6d338f3105fb3cd78
    :git: https://github.com/KrauseFx/TSMessages.git

SPEC CHECKSUMS:
  AFNetworking: cb8d14a848e831097108418f5d49217339d4eb60
  Crashlytics: dbb07d01876c171c5ccbdf7826410380189e452c
  Fabric: 9cd6a848efcf1b8b07497e0b6a2e7d336353ba15
  Firebase: 27321a925aa85520618255a7c630859e0502ccbd
  FirebaseAnalytics: 5b02a63ead2c3f0259cfc7f15e053e440587ecf8
  FirebaseCore: 2a946ece8fbe3ce1fdeeb55324f273caade22df9
  FirebaseInstanceID: 24958382a1011bba5aaff37e334e7a650b9118f5
  GDataXML-HTML: 7adc03668cab35c288f1dbb8929a179f0fece898
  GoogleToolboxForMac: 2501e2ad72a52eb3dfe7bd9aee7dad11b858bd20
  HexColors: 6ad3947c3447a055a3aa8efa859def096351fe5f
  MMDrawerController: 7a4cf8e25596bf2434e03ce50d22a8608ddee6a1
  MMDrawerController+Storyboard: c98f86c0f32cdef1d466d19a7da3ad2fc6c6ac00
  nanopb: 5601e6bca2dbf1ed831b519092ec110f66982ca3
  NKOColorPickerView: 895ca86fe5bd16f27c311ce8f5888907efee29ad
  SDWebImage: c325cf02c30337336b95beff20a13df489ec0ec9
  TSMessages: 6e403b790139636c15ab4f51946537095e03e79c

PODFILE CHECKSUM: 57b5a17989e8b469591924e010b487775e71527c

COCOAPODS: 1.2.0
