PODS:
  - Alamofire (5.2.2)
  - CocoaLumberjack (3.6.2):
    - CocoaLumberjack/Core (= 3.6.2)
  - CocoaLumberjack/Core (3.6.2)
  - Crashlytics (3.14.0):
    - Fabric (~> 1.10.2)
  - DeviceKit (3.2.0)
  - DynamicButton (6.2.1)
  - Fabric (1.10.2)
  - Firebase/Analytics (6.31.1):
    - Firebase/Core
  - Firebase/Core (6.31.1):
    - Firebase/CoreOnly
    - FirebaseAnalytics (= 6.8.0)
  - Firebase/CoreOnly (6.31.1):
    - FirebaseCore (= 6.10.1)
  - FirebaseAnalytics (6.8.0):
    - FirebaseCore (~> 6.10)
    - FirebaseInstallations (~> 1.6)
    - GoogleAppMeasurement (= 6.8.0)
    - GoogleUtilities/AppDelegateSwizzler (~> 6.7)
    - GoogleUtilities/MethodSwizzler (~> 6.7)
    - GoogleUtilities/Network (~> 6.7)
    - "GoogleUtilities/NSData+zlib (~> 6.7)"
    - nanopb (~> 1.30906.0)
  - FirebaseCore (6.10.1):
    - FirebaseCoreDiagnostics (~> 1.6)
    - GoogleUtilities/Environment (~> 6.7)
    - GoogleUtilities/Logger (~> 6.7)
  - FirebaseCoreDiagnostics (1.6.0):
    - GoogleDataTransport (~> 7.2)
    - GoogleUtilities/Environment (~> 6.7)
    - GoogleUtilities/Logger (~> 6.7)
    - nanopb (~> 1.30906.0)
  - FirebaseInstallations (1.7.0):
    - FirebaseCore (~> 6.10)
    - GoogleUtilities/Environment (~> 6.7)
    - GoogleUtilities/UserDefaults (~> 6.7)
    - PromisesObjC (~> 1.2)
  - FlexColorPicker (1.4.2)
  - Fuzi (3.1.2)
  - GoogleAppMeasurement (6.8.0):
    - GoogleUtilities/AppDelegateSwizzler (~> 6.7)
    - GoogleUtilities/MethodSwizzler (~> 6.7)
    - GoogleUtilities/Network (~> 6.7)
    - "GoogleUtilities/NSData+zlib (~> 6.7)"
    - nanopb (~> 1.30906.0)
  - GoogleDataTransport (7.3.0):
    - nanopb (~> 1.30906.0)
  - GoogleUtilities/AppDelegateSwizzler (6.7.2):
    - GoogleUtilities/Environment
    - GoogleUtilities/Logger
    - GoogleUtilities/Network
  - GoogleUtilities/Environment (6.7.2):
    - PromisesObjC (~> 1.2)
  - GoogleUtilities/Logger (6.7.2):
    - GoogleUtilities/Environment
  - GoogleUtilities/MethodSwizzler (6.7.2):
    - GoogleUtilities/Logger
  - GoogleUtilities/Network (6.7.2):
    - GoogleUtilities/Logger
    - "GoogleUtilities/NSData+zlib"
    - GoogleUtilities/Reachability
  - "GoogleUtilities/NSData+zlib (6.7.2)"
  - GoogleUtilities/Reachability (6.7.2):
    - GoogleUtilities/Logger
  - GoogleUtilities/UserDefaults (6.7.2):
    - GoogleUtilities/Logger
  - Kingfisher (5.15.4):
    - Kingfisher/Core (= 5.15.4)
  - Kingfisher/Core (5.15.4)
  - Kingfisher/SwiftUI (5.15.4):
    - Kingfisher/Core
  - nanopb (1.30906.0):
    - nanopb/decode (= 1.30906.0)
    - nanopb/encode (= 1.30906.0)
  - nanopb/decode (1.30906.0)
  - nanopb/encode (1.30906.0)
  - PromisesObjC (1.2.10)
  - SideMenu (6.4.9)
  - SVGKit (2.1.1):
    - CocoaLumberjack (~> 3.0)
  - SwiftFormat/CLI (0.46.1)
  - SwiftLint (0.40.3)
  - SwiftMessages (8.0.2):
    - SwiftMessages/App (= 8.0.2)
  - SwiftMessages/App (8.0.2)

DEPENDENCIES:
  - Alamofire (~> 5.0)
  - Crashlytics (~> 3.9)
  - DeviceKit (~> 3.0)
  - DynamicButton (~> 6.2)
  - Fabric (~> 1.7)
  - Firebase/Analytics
  - FlexColorPicker
  - Fuzi (~> 3.1)
  - Kingfisher (~> 5.0)
  - Kingfisher/SwiftUI (~> 5.0)
  - SideMenu (~> 6.4)
  - SVGKit
  - SwiftFormat/CLI
  - SwiftLint
  - SwiftMessages

SPEC REPOS:
  trunk:
    - Alamofire
    - CocoaLumberjack
    - Crashlytics
    - DeviceKit
    - DynamicButton
    - Fabric
    - Firebase
    - FirebaseAnalytics
    - FirebaseCore
    - FirebaseCoreDiagnostics
    - FirebaseInstallations
    - FlexColorPicker
    - Fuzi
    - GoogleAppMeasurement
    - GoogleDataTransport
    - GoogleUtilities
    - Kingfisher
    - nanopb
    - PromisesObjC
    - SideMenu
    - SVGKit
    - SwiftFormat
    - SwiftLint
    - SwiftMessages

SPEC CHECKSUMS:
  Alamofire: 814429acc853c6c54ff123fc3d2ef66803823ce0
  CocoaLumberjack: bd155f2dd06c0e0b03f876f7a3ee55693122ec94
  Crashlytics: 9220f5bc89e7a618df411b4f639389dbfb0e03d2
  DeviceKit: d081659419cce07c0b5239dbc9fb39ed7413c7fe
  DynamicButton: 95f30460793bd3510a5c213ac1b810a5e3d54b6a
  Fabric: ea977e3cd9c20425516d3dafd3bf8c941c51223f
  Firebase: 658370fa0181826a74b7cfca8d68c5856ca749ae
  FirebaseAnalytics: 0ca9aa2af7cc4dc92392b7a78bfc49feaa2eb60f
  FirebaseCore: 6fb954e350af0885803d5aa49865d15d9a6b264c
  FirebaseCoreDiagnostics: 7415bfb3883b3500c5a95c42b6ba66baae78f600
  FirebaseInstallations: 466c7b4d1f58fe16707693091da253726a731ed2
  FlexColorPicker: d7ed5cfd8ceb936f2930e4e30629f9448967a5f8
  Fuzi: dba7215e52fb39dd7b1a62f69ede1e30edff0ae1
  GoogleAppMeasurement: ecc30d0ab5b66d7d18e85ce1b8e2b345db60626d
  GoogleDataTransport: e85fb700c9b027079ce182c3d08e12e0f9618bb4
  GoogleUtilities: 7f2f5a07f888cdb145101d6042bc4422f57e70b3
  Kingfisher: 657dc1077e5bbbfff864194c79f29e35b722d062
  nanopb: 59317e09cf1f1a0af72f12af412d54edf52603fc
  PromisesObjC: b14b1c6b68e306650688599de8a45e49fae81151
  SideMenu: 8ef57a3cfc024a2d3fc1c036c7fe98537baec9e0
  SVGKit: 652cdf7bef8bec8564d04a8511d3ab50c7595fac
  SwiftFormat: 49efde7a5820f9a4fc3cfc04c087556e319ad4a1
  SwiftLint: dfd554ff0dff17288ee574814ccdd5cea85d76f7
  SwiftMessages: 633304165351b8e3dcbb81a71f8efcd86f9c1669

PODFILE CHECKSUM: dc726fbdd4ecda1d80e6fa23aea6a424176eb3e5

COCOAPODS: 1.10.0.rc.1
