{
  "pins" : [
    {
      "identity" : "swiftformatplugin",
      "kind" : "remoteSourceControl",
      "location" : "https://github.com/weakfl/SwiftFormatPlugin",
      "state" : {
        "revision" : "daf7c48b2264b11cc8535aa3649b2d8486bb3b08",
        "version" : "0.56.1"
      }
    },
    {
      "identity" : "swiftlintplugin",
      "kind" : "remoteSourceControl",
      "location" : "https://github.com/weakfl/SwiftLintPlugin.git",
      "state" : {
        "revision" : "3e10a982ff8f62ba6a19401380280a26e4c56bef",
        "version" : "0.59.1"
      }
    }
  ],
  "version" : 2
}
