{
  "originHash" : "981c20eb876b3478e70e69ad39fa28a4a7b3c0300977d08d767317cc43c4c93a",
  "pins" : [
    {
      "identity" : "swiftformatplugin",
      "kind" : "remoteSourceControl",
      "location" : "https://github.com/weakfl/SwiftFormatPlugin",
      "state" : {
        "revision" : "c41997c642ffc937c6e83b23dadbd7e626485cfa",
        "version" : "0.58.7"
      }
    },
    {
      "identity" : "swiftlintplugin",
      "kind" : "remoteSourceControl",
      "location" : "https://github.com/weakfl/SwiftLintPlugin.git",
      "state" : {
        "revision" : "47d1da3a8e30e0ada5543899e8c47f54664073ac",
        "version" : "0.62.2"
      }
    }
  ],
  "version" : 3
}
