// !$*UTF8*$!
{
	archiveVersion = 1;
	classes = {
	};
	objectVersion = 46;
	objects = {

/* Begin PBXBuildFile section */
		2ABDF59D4B634F06BF0F0E2E /* libPods.a in Frameworks */ = {isa = PBXBuildFile; fileRef = 73CEB562F22E44DC92058388 /* libPods.a */; };
		DF05FF151896594000FF2F9B /* glyphicons_207_remove_2@2x.png in Resources */ = {isa = PBXBuildFile; fileRef = DF05FF141896594000FF2F9B /* glyphicons_207_remove_2@2x.png */; };
		DF05FF171896594F00FF2F9B /* glyphicons_212_down_arrow@2x.png in Resources */ = {isa = PBXBuildFile; fileRef = DF05FF161896594F00FF2F9B /* glyphicons_212_down_arrow@2x.png */; };
		DF05FF191896595600FF2F9B /* glyphicons_213_up_arrow@2x.png in Resources */ = {isa = PBXBuildFile; fileRef = DF05FF181896595600FF2F9B /* glyphicons_213_up_arrow@2x.png */; };
		DF05FF1B189659AF00FF2F9B /* glyphicons_432_plus@2x.png in Resources */ = {isa = PBXBuildFile; fileRef = DF05FF1A189659AF00FF2F9B /* glyphicons_432_plus@2x.png */; };
		DF05FF1D189659C500FF2F9B /* glyphicons_433_minus@2x.png in Resources */ = {isa = PBXBuildFile; fileRef = DF05FF1C189659C500FF2F9B /* glyphicons_433_minus@2x.png */; };
		DF05FF2018965B5400FF2F9B /* RollershutterUITableViewCell.m in Sources */ = {isa = PBXBuildFile; fileRef = DF05FF1F18965B5400FF2F9B /* RollershutterUITableViewCell.m */; };
		DF05FF231896BD2D00FF2F9B /* SelectionUITableViewCell.m in Sources */ = {isa = PBXBuildFile; fileRef = DF05FF221896BD2D00FF2F9B /* SelectionUITableViewCell.m */; };
		DF06F1F618FE7A160011E7B9 /* OpenHABSelectionTableViewController.m in Sources */ = {isa = PBXBuildFile; fileRef = DF06F1F518FE7A160011E7B9 /* OpenHABSelectionTableViewController.m */; };
		DF06F1F918FEA8420011E7B9 /* ColorPickerUITableViewCell.m in Sources */ = {isa = PBXBuildFile; fileRef = DF06F1F818FEA8420011E7B9 /* ColorPickerUITableViewCell.m */; };
		DF06F1FC18FEC2020011E7B9 /* ColorPickerViewController.m in Sources */ = {isa = PBXBuildFile; fileRef = DF06F1FB18FEC2020011E7B9 /* ColorPickerViewController.m */; };
		DF06F1FF18FEFEDF0011E7B9 /* ChartUITableViewCell.m in Sources */ = {isa = PBXBuildFile; fileRef = DF06F1FE18FEFEDF0011E7B9 /* ChartUITableViewCell.m */; };
		DF06F2021900F8780011E7B9 /* ImageUITableViewCell.m in Sources */ = {isa = PBXBuildFile; fileRef = DF06F2011900F8780011E7B9 /* ImageUITableViewCell.m */; };
		DF06F20519010E9A0011E7B9 /* VideoUITableViewCell.m in Sources */ = {isa = PBXBuildFile; fileRef = DF06F20419010E9A0011E7B9 /* VideoUITableViewCell.m */; };
		DF2B6ADD18EF4D660063819F /* NSData+HexString.m in Sources */ = {isa = PBXBuildFile; fileRef = DF2B6ADC18EF4D660063819F /* NSData+HexString.m */; };
		DF4B840018857FD900F34902 /* OpenHABSelectSitemapViewController.m in Sources */ = {isa = PBXBuildFile; fileRef = DF4B83FF18857FD900F34902 /* OpenHABSelectSitemapViewController.m */; };
		DF4B84041885A53700F34902 /* OpenHABDataObject.m in Sources */ = {isa = PBXBuildFile; fileRef = DF4B84031885A53700F34902 /* OpenHABDataObject.m */; };
		DF4B84071885AE0E00F34902 /* blankicon.png in Resources */ = {isa = PBXBuildFile; fileRef = DF4B84061885AE0E00F34902 /* blankicon.png */; };
		DF4B840F1885B34300F34902 /* app-icon@2x.png in Resources */ = {isa = PBXBuildFile; fileRef = DF4B840E1885B34300F34902 /* app-icon@2x.png */; };
		DF4B84131886DAC400F34902 /* FrameUITableViewCell.m in Sources */ = {isa = PBXBuildFile; fileRef = DF4B84121886DAC400F34902 /* FrameUITableViewCell.m */; };
		DF4B84161886EACA00F34902 /* GenericUITableViewCell.m in Sources */ = {isa = PBXBuildFile; fileRef = DF4B84151886EACA00F34902 /* GenericUITableViewCell.m */; };
		DFA13CB418872EBD006355C3 /* SwitchUITableViewCell.m in Sources */ = {isa = PBXBuildFile; fileRef = DFA13CB318872EBD006355C3 /* SwitchUITableViewCell.m */; };
		DFA16EB818883CF300EDB0BB /* SetpointUITableViewCell.m in Sources */ = {isa = PBXBuildFile; fileRef = DFA16EB718883CF300EDB0BB /* SetpointUITableViewCell.m */; };
		DFA16EBB18883DE500EDB0BB /* SliderUITableViewCell.m in Sources */ = {isa = PBXBuildFile; fileRef = DFA16EBA18883DE500EDB0BB /* SliderUITableViewCell.m */; };
		DFA16EBE1889867B00EDB0BB /* OpenHABWidgetMapping.m in Sources */ = {isa = PBXBuildFile; fileRef = DFA16EBD1889867B00EDB0BB /* OpenHABWidgetMapping.m */; };
		DFA16EC118898A8400EDB0BB /* SegmentedUITableViewCell.m in Sources */ = {isa = PBXBuildFile; fileRef = DFA16EC018898A8400EDB0BB /* SegmentedUITableViewCell.m */; };
		DFB2622B18830A3600D3244D /* Foundation.framework in Frameworks */ = {isa = PBXBuildFile; fileRef = DFB2622A18830A3600D3244D /* Foundation.framework */; };
		DFB2622D18830A3600D3244D /* CoreGraphics.framework in Frameworks */ = {isa = PBXBuildFile; fileRef = DFB2622C18830A3600D3244D /* CoreGraphics.framework */; };
		DFB2622F18830A3600D3244D /* UIKit.framework in Frameworks */ = {isa = PBXBuildFile; fileRef = DFB2622E18830A3600D3244D /* UIKit.framework */; };
		DFB2623518830A3600D3244D /* InfoPlist.strings in Resources */ = {isa = PBXBuildFile; fileRef = DFB2623318830A3600D3244D /* InfoPlist.strings */; };
		DFB2623718830A3600D3244D /* main.m in Sources */ = {isa = PBXBuildFile; fileRef = DFB2623618830A3600D3244D /* main.m */; };
		DFB2623B18830A3600D3244D /* OpenHABAppDelegate.m in Sources */ = {isa = PBXBuildFile; fileRef = DFB2623A18830A3600D3244D /* OpenHABAppDelegate.m */; };
		DFB2623E18830A3600D3244D /* Main_iPhone.storyboard in Resources */ = {isa = PBXBuildFile; fileRef = DFB2623C18830A3600D3244D /* Main_iPhone.storyboard */; };
		DFB2624118830A3600D3244D /* Main_iPad.storyboard in Resources */ = {isa = PBXBuildFile; fileRef = DFB2623F18830A3600D3244D /* Main_iPad.storyboard */; };
		DFB2624418830A3600D3244D /* OpenHABViewController.m in Sources */ = {isa = PBXBuildFile; fileRef = DFB2624318830A3600D3244D /* OpenHABViewController.m */; };
		DFB2624618830A3600D3244D /* Images.xcassets in Resources */ = {isa = PBXBuildFile; fileRef = DFB2624518830A3600D3244D /* Images.xcassets */; };
		DFB2624D18830A3600D3244D /* XCTest.framework in Frameworks */ = {isa = PBXBuildFile; fileRef = DFB2624C18830A3600D3244D /* XCTest.framework */; };
		DFB2624E18830A3600D3244D /* Foundation.framework in Frameworks */ = {isa = PBXBuildFile; fileRef = DFB2622A18830A3600D3244D /* Foundation.framework */; };
		DFB2624F18830A3600D3244D /* UIKit.framework in Frameworks */ = {isa = PBXBuildFile; fileRef = DFB2622E18830A3600D3244D /* UIKit.framework */; };
		DFB2625718830A3600D3244D /* InfoPlist.strings in Resources */ = {isa = PBXBuildFile; fileRef = DFB2625518830A3600D3244D /* InfoPlist.strings */; };
		DFB2625918830A3600D3244D /* openHABTests.m in Sources */ = {isa = PBXBuildFile; fileRef = DFB2625818830A3600D3244D /* openHABTests.m */; };
		DFDEE3FD18831099008B26AC /* OpenHABSettingsViewController.m in Sources */ = {isa = PBXBuildFile; fileRef = DFDEE3FC18831099008B26AC /* OpenHABSettingsViewController.m */; };
		DFDEE402188322BD008B26AC /* NSObject+Data.m in Sources */ = {isa = PBXBuildFile; fileRef = DFDEE401188322BC008B26AC /* NSObject+Data.m */; };
		DFDEE40D188322FA008B26AC /* OpenHABItem.m in Sources */ = {isa = PBXBuildFile; fileRef = DFDEE404188322FA008B26AC /* OpenHABItem.m */; };
		DFDEE40E188322FA008B26AC /* OpenHABLinkedPage.m in Sources */ = {isa = PBXBuildFile; fileRef = DFDEE406188322FA008B26AC /* OpenHABLinkedPage.m */; };
		DFDEE40F188322FA008B26AC /* OpenHABSitemap.m in Sources */ = {isa = PBXBuildFile; fileRef = DFDEE408188322FA008B26AC /* OpenHABSitemap.m */; };
		DFDEE410188322FA008B26AC /* OpenHABSitemapPage.m in Sources */ = {isa = PBXBuildFile; fileRef = DFDEE40A188322FA008B26AC /* OpenHABSitemapPage.m */; };
		DFDEE411188322FA008B26AC /* OpenHABWidget.m in Sources */ = {isa = PBXBuildFile; fileRef = DFDEE40C188322FA008B26AC /* OpenHABWidget.m */; };
		DFDEE41418832323008B26AC /* NSMutableURLRequest+Auth.m in Sources */ = {isa = PBXBuildFile; fileRef = DFDEE41318832323008B26AC /* NSMutableURLRequest+Auth.m */; };
		DFDEE4171883C6A5008B26AC /* OpenHABTracker.m in Sources */ = {isa = PBXBuildFile; fileRef = DFDEE4161883C6A5008B26AC /* OpenHABTracker.m */; };
		DFDEE41A1883EB18008B26AC /* Reachability.m in Sources */ = {isa = PBXBuildFile; fileRef = DFDEE4191883EB18008B26AC /* Reachability.m */; };
		DFDEE41D1883EB99008B26AC /* Reachability+URL.m in Sources */ = {isa = PBXBuildFile; fileRef = DFDEE41C1883EB99008B26AC /* Reachability+URL.m */; };
		DFFD8FD118EDBD4F003B502A /* UICircleButton.m in Sources */ = {isa = PBXBuildFile; fileRef = DFFD8FD018EDBD4F003B502A /* UICircleButton.m */; };
/* End PBXBuildFile section */

/* Begin PBXContainerItemProxy section */
		DFB2625018830A3600D3244D /* PBXContainerItemProxy */ = {
			isa = PBXContainerItemProxy;
			containerPortal = DFB2621F18830A3600D3244D /* Project object */;
			proxyType = 1;
			remoteGlobalIDString = DFB2622618830A3600D3244D;
			remoteInfo = openHAB;
		};
/* End PBXContainerItemProxy section */

/* Begin PBXFileReference section */
		73CEB562F22E44DC92058388 /* libPods.a */ = {isa = PBXFileReference; explicitFileType = archive.ar; includeInIndex = 0; path = libPods.a; sourceTree = BUILT_PRODUCTS_DIR; };
		DF05FF141896594000FF2F9B /* glyphicons_207_remove_2@2x.png */ = {isa = PBXFileReference; lastKnownFileType = image.png; path = "glyphicons_207_remove_2@2x.png"; sourceTree = "<group>"; };
		DF05FF161896594F00FF2F9B /* glyphicons_212_down_arrow@2x.png */ = {isa = PBXFileReference; lastKnownFileType = image.png; path = "glyphicons_212_down_arrow@2x.png"; sourceTree = "<group>"; };
		DF05FF181896595600FF2F9B /* glyphicons_213_up_arrow@2x.png */ = {isa = PBXFileReference; lastKnownFileType = image.png; path = "glyphicons_213_up_arrow@2x.png"; sourceTree = "<group>"; };
		DF05FF1A189659AF00FF2F9B /* glyphicons_432_plus@2x.png */ = {isa = PBXFileReference; lastKnownFileType = image.png; path = "glyphicons_432_plus@2x.png"; sourceTree = "<group>"; };
		DF05FF1C189659C500FF2F9B /* glyphicons_433_minus@2x.png */ = {isa = PBXFileReference; lastKnownFileType = image.png; path = "glyphicons_433_minus@2x.png"; sourceTree = "<group>"; };
		DF05FF1E18965B5400FF2F9B /* RollershutterUITableViewCell.h */ = {isa = PBXFileReference; fileEncoding = 4; lastKnownFileType = sourcecode.c.h; path = RollershutterUITableViewCell.h; sourceTree = "<group>"; };
		DF05FF1F18965B5400FF2F9B /* RollershutterUITableViewCell.m */ = {isa = PBXFileReference; fileEncoding = 4; lastKnownFileType = sourcecode.c.objc; path = RollershutterUITableViewCell.m; sourceTree = "<group>"; };
		DF05FF211896BD2D00FF2F9B /* SelectionUITableViewCell.h */ = {isa = PBXFileReference; fileEncoding = 4; lastKnownFileType = sourcecode.c.h; path = SelectionUITableViewCell.h; sourceTree = "<group>"; };
		DF05FF221896BD2D00FF2F9B /* SelectionUITableViewCell.m */ = {isa = PBXFileReference; fileEncoding = 4; lastKnownFileType = sourcecode.c.objc; path = SelectionUITableViewCell.m; sourceTree = "<group>"; };
		DF06F1F418FE7A160011E7B9 /* OpenHABSelectionTableViewController.h */ = {isa = PBXFileReference; fileEncoding = 4; lastKnownFileType = sourcecode.c.h; path = OpenHABSelectionTableViewController.h; sourceTree = "<group>"; };
		DF06F1F518FE7A160011E7B9 /* OpenHABSelectionTableViewController.m */ = {isa = PBXFileReference; fileEncoding = 4; lastKnownFileType = sourcecode.c.objc; path = OpenHABSelectionTableViewController.m; sourceTree = "<group>"; };
		DF06F1F718FEA8420011E7B9 /* ColorPickerUITableViewCell.h */ = {isa = PBXFileReference; fileEncoding = 4; lastKnownFileType = sourcecode.c.h; path = ColorPickerUITableViewCell.h; sourceTree = "<group>"; };
		DF06F1F818FEA8420011E7B9 /* ColorPickerUITableViewCell.m */ = {isa = PBXFileReference; fileEncoding = 4; lastKnownFileType = sourcecode.c.objc; path = ColorPickerUITableViewCell.m; sourceTree = "<group>"; };
		DF06F1FA18FEC2020011E7B9 /* ColorPickerViewController.h */ = {isa = PBXFileReference; fileEncoding = 4; lastKnownFileType = sourcecode.c.h; path = ColorPickerViewController.h; sourceTree = "<group>"; };
		DF06F1FB18FEC2020011E7B9 /* ColorPickerViewController.m */ = {isa = PBXFileReference; fileEncoding = 4; lastKnownFileType = sourcecode.c.objc; path = ColorPickerViewController.m; sourceTree = "<group>"; };
		DF06F1FD18FEFEDF0011E7B9 /* ChartUITableViewCell.h */ = {isa = PBXFileReference; fileEncoding = 4; lastKnownFileType = sourcecode.c.h; path = ChartUITableViewCell.h; sourceTree = "<group>"; };
		DF06F1FE18FEFEDF0011E7B9 /* ChartUITableViewCell.m */ = {isa = PBXFileReference; fileEncoding = 4; lastKnownFileType = sourcecode.c.objc; path = ChartUITableViewCell.m; sourceTree = "<group>"; };
		DF06F2001900F8780011E7B9 /* ImageUITableViewCell.h */ = {isa = PBXFileReference; fileEncoding = 4; lastKnownFileType = sourcecode.c.h; path = ImageUITableViewCell.h; sourceTree = "<group>"; };
		DF06F2011900F8780011E7B9 /* ImageUITableViewCell.m */ = {isa = PBXFileReference; fileEncoding = 4; lastKnownFileType = sourcecode.c.objc; path = ImageUITableViewCell.m; sourceTree = "<group>"; };
		DF06F20319010E9A0011E7B9 /* VideoUITableViewCell.h */ = {isa = PBXFileReference; fileEncoding = 4; lastKnownFileType = sourcecode.c.h; path = VideoUITableViewCell.h; sourceTree = "<group>"; };
		DF06F20419010E9A0011E7B9 /* VideoUITableViewCell.m */ = {isa = PBXFileReference; fileEncoding = 4; lastKnownFileType = sourcecode.c.objc; path = VideoUITableViewCell.m; sourceTree = "<group>"; };
		DF2B6ADB18EF4D660063819F /* NSData+HexString.h */ = {isa = PBXFileReference; fileEncoding = 4; lastKnownFileType = sourcecode.c.h; path = "NSData+HexString.h"; sourceTree = "<group>"; };
		DF2B6ADC18EF4D660063819F /* NSData+HexString.m */ = {isa = PBXFileReference; fileEncoding = 4; lastKnownFileType = sourcecode.c.objc; path = "NSData+HexString.m"; sourceTree = "<group>"; };
		DF4B83FE18857FD900F34902 /* OpenHABSelectSitemapViewController.h */ = {isa = PBXFileReference; fileEncoding = 4; lastKnownFileType = sourcecode.c.h; path = OpenHABSelectSitemapViewController.h; sourceTree = "<group>"; };
		DF4B83FF18857FD900F34902 /* OpenHABSelectSitemapViewController.m */ = {isa = PBXFileReference; fileEncoding = 4; lastKnownFileType = sourcecode.c.objc; path = OpenHABSelectSitemapViewController.m; sourceTree = "<group>"; };
		DF4B84011885A51000F34902 /* OpenHABAppDataDelegate.h */ = {isa = PBXFileReference; lastKnownFileType = sourcecode.c.h; path = OpenHABAppDataDelegate.h; sourceTree = "<group>"; };
		DF4B84021885A53700F34902 /* OpenHABDataObject.h */ = {isa = PBXFileReference; fileEncoding = 4; lastKnownFileType = sourcecode.c.h; path = OpenHABDataObject.h; sourceTree = "<group>"; };
		DF4B84031885A53700F34902 /* OpenHABDataObject.m */ = {isa = PBXFileReference; fileEncoding = 4; lastKnownFileType = sourcecode.c.objc; path = OpenHABDataObject.m; sourceTree = "<group>"; };
		DF4B84061885AE0E00F34902 /* blankicon.png */ = {isa = PBXFileReference; lastKnownFileType = image.png; path = blankicon.png; sourceTree = "<group>"; };
		DF4B840E1885B34300F34902 /* app-icon@2x.png */ = {isa = PBXFileReference; lastKnownFileType = image.png; path = "app-icon@2x.png"; sourceTree = "<group>"; };
		DF4B84111886DAC400F34902 /* FrameUITableViewCell.h */ = {isa = PBXFileReference; fileEncoding = 4; lastKnownFileType = sourcecode.c.h; path = FrameUITableViewCell.h; sourceTree = "<group>"; };
		DF4B84121886DAC400F34902 /* FrameUITableViewCell.m */ = {isa = PBXFileReference; fileEncoding = 4; lastKnownFileType = sourcecode.c.objc; path = FrameUITableViewCell.m; sourceTree = "<group>"; };
		DF4B84141886EACA00F34902 /* GenericUITableViewCell.h */ = {isa = PBXFileReference; fileEncoding = 4; lastKnownFileType = sourcecode.c.h; path = GenericUITableViewCell.h; sourceTree = "<group>"; };
		DF4B84151886EACA00F34902 /* GenericUITableViewCell.m */ = {isa = PBXFileReference; fileEncoding = 4; lastKnownFileType = sourcecode.c.objc; path = GenericUITableViewCell.m; sourceTree = "<group>"; };
		DFA13CB218872EBD006355C3 /* SwitchUITableViewCell.h */ = {isa = PBXFileReference; fileEncoding = 4; lastKnownFileType = sourcecode.c.h; path = SwitchUITableViewCell.h; sourceTree = "<group>"; };
		DFA13CB318872EBD006355C3 /* SwitchUITableViewCell.m */ = {isa = PBXFileReference; fileEncoding = 4; lastKnownFileType = sourcecode.c.objc; path = SwitchUITableViewCell.m; sourceTree = "<group>"; };
		DFA16EB618883CF300EDB0BB /* SetpointUITableViewCell.h */ = {isa = PBXFileReference; fileEncoding = 4; lastKnownFileType = sourcecode.c.h; path = SetpointUITableViewCell.h; sourceTree = "<group>"; };
		DFA16EB718883CF300EDB0BB /* SetpointUITableViewCell.m */ = {isa = PBXFileReference; fileEncoding = 4; lastKnownFileType = sourcecode.c.objc; path = SetpointUITableViewCell.m; sourceTree = "<group>"; };
		DFA16EB918883DE500EDB0BB /* SliderUITableViewCell.h */ = {isa = PBXFileReference; fileEncoding = 4; lastKnownFileType = sourcecode.c.h; path = SliderUITableViewCell.h; sourceTree = "<group>"; };
		DFA16EBA18883DE500EDB0BB /* SliderUITableViewCell.m */ = {isa = PBXFileReference; fileEncoding = 4; lastKnownFileType = sourcecode.c.objc; path = SliderUITableViewCell.m; sourceTree = "<group>"; };
		DFA16EBC1889867B00EDB0BB /* OpenHABWidgetMapping.h */ = {isa = PBXFileReference; fileEncoding = 4; lastKnownFileType = sourcecode.c.h; path = OpenHABWidgetMapping.h; sourceTree = "<group>"; };
		DFA16EBD1889867B00EDB0BB /* OpenHABWidgetMapping.m */ = {isa = PBXFileReference; fileEncoding = 4; lastKnownFileType = sourcecode.c.objc; path = OpenHABWidgetMapping.m; sourceTree = "<group>"; };
		DFA16EBF18898A8400EDB0BB /* SegmentedUITableViewCell.h */ = {isa = PBXFileReference; fileEncoding = 4; lastKnownFileType = sourcecode.c.h; path = SegmentedUITableViewCell.h; sourceTree = "<group>"; };
		DFA16EC018898A8400EDB0BB /* SegmentedUITableViewCell.m */ = {isa = PBXFileReference; fileEncoding = 4; lastKnownFileType = sourcecode.c.objc; path = SegmentedUITableViewCell.m; sourceTree = "<group>"; };
		DFB2622718830A3600D3244D /* openHAB.app */ = {isa = PBXFileReference; explicitFileType = wrapper.application; includeInIndex = 0; path = openHAB.app; sourceTree = BUILT_PRODUCTS_DIR; };
		DFB2622A18830A3600D3244D /* Foundation.framework */ = {isa = PBXFileReference; lastKnownFileType = wrapper.framework; name = Foundation.framework; path = System/Library/Frameworks/Foundation.framework; sourceTree = SDKROOT; };
		DFB2622C18830A3600D3244D /* CoreGraphics.framework */ = {isa = PBXFileReference; lastKnownFileType = wrapper.framework; name = CoreGraphics.framework; path = System/Library/Frameworks/CoreGraphics.framework; sourceTree = SDKROOT; };
		DFB2622E18830A3600D3244D /* UIKit.framework */ = {isa = PBXFileReference; lastKnownFileType = wrapper.framework; name = UIKit.framework; path = System/Library/Frameworks/UIKit.framework; sourceTree = SDKROOT; };
		DFB2623218830A3600D3244D /* openHAB-Info.plist */ = {isa = PBXFileReference; lastKnownFileType = text.plist.xml; path = "openHAB-Info.plist"; sourceTree = "<group>"; };
		DFB2623418830A3600D3244D /* en */ = {isa = PBXFileReference; lastKnownFileType = text.plist.strings; name = en; path = en.lproj/InfoPlist.strings; sourceTree = "<group>"; };
		DFB2623618830A3600D3244D /* main.m */ = {isa = PBXFileReference; lastKnownFileType = sourcecode.c.objc; path = main.m; sourceTree = "<group>"; };
		DFB2623818830A3600D3244D /* openHAB-Prefix.pch */ = {isa = PBXFileReference; lastKnownFileType = sourcecode.c.h; path = "openHAB-Prefix.pch"; sourceTree = "<group>"; };
		DFB2623918830A3600D3244D /* OpenHABAppDelegate.h */ = {isa = PBXFileReference; lastKnownFileType = sourcecode.c.h; path = OpenHABAppDelegate.h; sourceTree = "<group>"; };
		DFB2623A18830A3600D3244D /* OpenHABAppDelegate.m */ = {isa = PBXFileReference; lastKnownFileType = sourcecode.c.objc; path = OpenHABAppDelegate.m; sourceTree = "<group>"; };
		DFB2623D18830A3600D3244D /* Base */ = {isa = PBXFileReference; lastKnownFileType = file.storyboard; name = Base; path = Base.lproj/Main_iPhone.storyboard; sourceTree = "<group>"; };
		DFB2624018830A3600D3244D /* Base */ = {isa = PBXFileReference; lastKnownFileType = file.storyboard; name = Base; path = Base.lproj/Main_iPad.storyboard; sourceTree = "<group>"; };
		DFB2624218830A3600D3244D /* OpenHABViewController.h */ = {isa = PBXFileReference; lastKnownFileType = sourcecode.c.h; path = OpenHABViewController.h; sourceTree = "<group>"; };
		DFB2624318830A3600D3244D /* OpenHABViewController.m */ = {isa = PBXFileReference; lastKnownFileType = sourcecode.c.objc; path = OpenHABViewController.m; sourceTree = "<group>"; };
		DFB2624518830A3600D3244D /* Images.xcassets */ = {isa = PBXFileReference; lastKnownFileType = folder.assetcatalog; path = Images.xcassets; sourceTree = "<group>"; };
		DFB2624B18830A3600D3244D /* openHABTests.xctest */ = {isa = PBXFileReference; explicitFileType = wrapper.cfbundle; includeInIndex = 0; path = openHABTests.xctest; sourceTree = BUILT_PRODUCTS_DIR; };
		DFB2624C18830A3600D3244D /* XCTest.framework */ = {isa = PBXFileReference; lastKnownFileType = wrapper.framework; name = XCTest.framework; path = Library/Frameworks/XCTest.framework; sourceTree = DEVELOPER_DIR; };
		DFB2625418830A3600D3244D /* openHABTests-Info.plist */ = {isa = PBXFileReference; lastKnownFileType = text.plist.xml; path = "openHABTests-Info.plist"; sourceTree = "<group>"; };
		DFB2625618830A3600D3244D /* en */ = {isa = PBXFileReference; lastKnownFileType = text.plist.strings; name = en; path = en.lproj/InfoPlist.strings; sourceTree = "<group>"; };
		DFB2625818830A3600D3244D /* openHABTests.m */ = {isa = PBXFileReference; lastKnownFileType = sourcecode.c.objc; path = openHABTests.m; sourceTree = "<group>"; };
		DFDEE3FB18831099008B26AC /* OpenHABSettingsViewController.h */ = {isa = PBXFileReference; fileEncoding = 4; lastKnownFileType = sourcecode.c.h; path = OpenHABSettingsViewController.h; sourceTree = "<group>"; };
		DFDEE3FC18831099008B26AC /* OpenHABSettingsViewController.m */ = {isa = PBXFileReference; fileEncoding = 4; lastKnownFileType = sourcecode.c.objc; path = OpenHABSettingsViewController.m; sourceTree = "<group>"; };
		DFDEE400188322BC008B26AC /* NSObject+Data.h */ = {isa = PBXFileReference; fileEncoding = 4; lastKnownFileType = sourcecode.c.h; path = "NSObject+Data.h"; sourceTree = "<group>"; };
		DFDEE401188322BC008B26AC /* NSObject+Data.m */ = {isa = PBXFileReference; fileEncoding = 4; lastKnownFileType = sourcecode.c.objc; path = "NSObject+Data.m"; sourceTree = "<group>"; };
		DFDEE403188322FA008B26AC /* OpenHABItem.h */ = {isa = PBXFileReference; fileEncoding = 4; lastKnownFileType = sourcecode.c.h; path = OpenHABItem.h; sourceTree = "<group>"; };
		DFDEE404188322FA008B26AC /* OpenHABItem.m */ = {isa = PBXFileReference; fileEncoding = 4; lastKnownFileType = sourcecode.c.objc; path = OpenHABItem.m; sourceTree = "<group>"; };
		DFDEE405188322FA008B26AC /* OpenHABLinkedPage.h */ = {isa = PBXFileReference; fileEncoding = 4; lastKnownFileType = sourcecode.c.h; path = OpenHABLinkedPage.h; sourceTree = "<group>"; };
		DFDEE406188322FA008B26AC /* OpenHABLinkedPage.m */ = {isa = PBXFileReference; fileEncoding = 4; lastKnownFileType = sourcecode.c.objc; path = OpenHABLinkedPage.m; sourceTree = "<group>"; };
		DFDEE407188322FA008B26AC /* OpenHABSitemap.h */ = {isa = PBXFileReference; fileEncoding = 4; lastKnownFileType = sourcecode.c.h; path = OpenHABSitemap.h; sourceTree = "<group>"; };
		DFDEE408188322FA008B26AC /* OpenHABSitemap.m */ = {isa = PBXFileReference; fileEncoding = 4; lastKnownFileType = sourcecode.c.objc; path = OpenHABSitemap.m; sourceTree = "<group>"; };
		DFDEE409188322FA008B26AC /* OpenHABSitemapPage.h */ = {isa = PBXFileReference; fileEncoding = 4; lastKnownFileType = sourcecode.c.h; path = OpenHABSitemapPage.h; sourceTree = "<group>"; };
		DFDEE40A188322FA008B26AC /* OpenHABSitemapPage.m */ = {isa = PBXFileReference; fileEncoding = 4; lastKnownFileType = sourcecode.c.objc; path = OpenHABSitemapPage.m; sourceTree = "<group>"; };
		DFDEE40B188322FA008B26AC /* OpenHABWidget.h */ = {isa = PBXFileReference; fileEncoding = 4; lastKnownFileType = sourcecode.c.h; path = OpenHABWidget.h; sourceTree = "<group>"; };
		DFDEE40C188322FA008B26AC /* OpenHABWidget.m */ = {isa = PBXFileReference; fileEncoding = 4; lastKnownFileType = sourcecode.c.objc; path = OpenHABWidget.m; sourceTree = "<group>"; };
		DFDEE41218832323008B26AC /* NSMutableURLRequest+Auth.h */ = {isa = PBXFileReference; fileEncoding = 4; lastKnownFileType = sourcecode.c.h; path = "NSMutableURLRequest+Auth.h"; sourceTree = "<group>"; };
		DFDEE41318832323008B26AC /* NSMutableURLRequest+Auth.m */ = {isa = PBXFileReference; fileEncoding = 4; lastKnownFileType = sourcecode.c.objc; path = "NSMutableURLRequest+Auth.m"; sourceTree = "<group>"; };
		DFDEE4151883C6A5008B26AC /* OpenHABTracker.h */ = {isa = PBXFileReference; fileEncoding = 4; lastKnownFileType = sourcecode.c.h; path = OpenHABTracker.h; sourceTree = "<group>"; };
		DFDEE4161883C6A5008B26AC /* OpenHABTracker.m */ = {isa = PBXFileReference; fileEncoding = 4; lastKnownFileType = sourcecode.c.objc; path = OpenHABTracker.m; sourceTree = "<group>"; };
		DFDEE4181883EB18008B26AC /* Reachability.h */ = {isa = PBXFileReference; fileEncoding = 4; lastKnownFileType = sourcecode.c.h; path = Reachability.h; sourceTree = "<group>"; };
		DFDEE4191883EB18008B26AC /* Reachability.m */ = {isa = PBXFileReference; fileEncoding = 4; lastKnownFileType = sourcecode.c.objc; path = Reachability.m; sourceTree = "<group>"; };
		DFDEE41B1883EB99008B26AC /* Reachability+URL.h */ = {isa = PBXFileReference; fileEncoding = 4; lastKnownFileType = sourcecode.c.h; path = "Reachability+URL.h"; sourceTree = "<group>"; };
		DFDEE41C1883EB99008B26AC /* Reachability+URL.m */ = {isa = PBXFileReference; fileEncoding = 4; lastKnownFileType = sourcecode.c.objc; path = "Reachability+URL.m"; sourceTree = "<group>"; };
		DFFD8FCF18EDBD4F003B502A /* UICircleButton.h */ = {isa = PBXFileReference; fileEncoding = 4; lastKnownFileType = sourcecode.c.h; path = UICircleButton.h; sourceTree = "<group>"; };
		DFFD8FD018EDBD4F003B502A /* UICircleButton.m */ = {isa = PBXFileReference; fileEncoding = 4; lastKnownFileType = sourcecode.c.objc; path = UICircleButton.m; sourceTree = "<group>"; };
		E419E0383FCC45E7A3970B93 /* Pods.xcconfig */ = {isa = PBXFileReference; includeInIndex = 1; lastKnownFileType = text.xcconfig; name = Pods.xcconfig; path = Pods/Pods.xcconfig; sourceTree = "<group>"; };
/* End PBXFileReference section */

/* Begin PBXFrameworksBuildPhase section */
		DFB2622418830A3600D3244D /* Frameworks */ = {
			isa = PBXFrameworksBuildPhase;
			buildActionMask = 2147483647;
			files = (
				DFB2622D18830A3600D3244D /* CoreGraphics.framework in Frameworks */,
				DFB2622F18830A3600D3244D /* UIKit.framework in Frameworks */,
				DFB2622B18830A3600D3244D /* Foundation.framework in Frameworks */,
				2ABDF59D4B634F06BF0F0E2E /* libPods.a in Frameworks */,
			);
			runOnlyForDeploymentPostprocessing = 0;
		};
		DFB2624818830A3600D3244D /* Frameworks */ = {
			isa = PBXFrameworksBuildPhase;
			buildActionMask = 2147483647;
			files = (
				DFB2624D18830A3600D3244D /* XCTest.framework in Frameworks */,
				DFB2624F18830A3600D3244D /* UIKit.framework in Frameworks */,
				DFB2624E18830A3600D3244D /* Foundation.framework in Frameworks */,
			);
			runOnlyForDeploymentPostprocessing = 0;
		};
/* End PBXFrameworksBuildPhase section */

/* Begin PBXGroup section */
		DF05FF13189658FD00FF2F9B /* icons */ = {
			isa = PBXGroup;
			children = (
				DF05FF1C189659C500FF2F9B /* glyphicons_433_minus@2x.png */,
				DF05FF1A189659AF00FF2F9B /* glyphicons_432_plus@2x.png */,
				DF05FF181896595600FF2F9B /* glyphicons_213_up_arrow@2x.png */,
				DF05FF161896594F00FF2F9B /* glyphicons_212_down_arrow@2x.png */,
				DF05FF141896594000FF2F9B /* glyphicons_207_remove_2@2x.png */,
			);
			name = icons;
			sourceTree = "<group>";
		};
		DF4B83FD18857FA100F34902 /* UI */ = {
			isa = PBXGroup;
			children = (
				DFFD8FCE18EDBD30003B502A /* Util */,
				DF4B84101886DA9900F34902 /* Widgets */,
				DFDEE3FB18831099008B26AC /* OpenHABSettingsViewController.h */,
				DFDEE3FC18831099008B26AC /* OpenHABSettingsViewController.m */,
				DFB2624218830A3600D3244D /* OpenHABViewController.h */,
				DFB2624318830A3600D3244D /* OpenHABViewController.m */,
				DF4B83FE18857FD900F34902 /* OpenHABSelectSitemapViewController.h */,
				DF4B83FF18857FD900F34902 /* OpenHABSelectSitemapViewController.m */,
				DF06F1F418FE7A160011E7B9 /* OpenHABSelectionTableViewController.h */,
				DF06F1F518FE7A160011E7B9 /* OpenHABSelectionTableViewController.m */,
			);
			name = UI;
			sourceTree = "<group>";
		};
		DF4B84051885AD4600F34902 /* Images */ = {
			isa = PBXGroup;
			children = (
				DF05FF13189658FD00FF2F9B /* icons */,
				DF4B840E1885B34300F34902 /* app-icon@2x.png */,
				DF4B84061885AE0E00F34902 /* blankicon.png */,
			);
			name = Images;
			sourceTree = "<group>";
		};
		DF4B84101886DA9900F34902 /* Widgets */ = {
			isa = PBXGroup;
			children = (
				DF4B84111886DAC400F34902 /* FrameUITableViewCell.h */,
				DF4B84121886DAC400F34902 /* FrameUITableViewCell.m */,
				DF4B84141886EACA00F34902 /* GenericUITableViewCell.h */,
				DF4B84151886EACA00F34902 /* GenericUITableViewCell.m */,
				DFA13CB218872EBD006355C3 /* SwitchUITableViewCell.h */,
				DFA13CB318872EBD006355C3 /* SwitchUITableViewCell.m */,
				DFA16EB618883CF300EDB0BB /* SetpointUITableViewCell.h */,
				DFA16EB718883CF300EDB0BB /* SetpointUITableViewCell.m */,
				DFA16EB918883DE500EDB0BB /* SliderUITableViewCell.h */,
				DFA16EBA18883DE500EDB0BB /* SliderUITableViewCell.m */,
				DFA16EBF18898A8400EDB0BB /* SegmentedUITableViewCell.h */,
				DFA16EC018898A8400EDB0BB /* SegmentedUITableViewCell.m */,
				DF05FF1E18965B5400FF2F9B /* RollershutterUITableViewCell.h */,
				DF05FF1F18965B5400FF2F9B /* RollershutterUITableViewCell.m */,
				DF05FF211896BD2D00FF2F9B /* SelectionUITableViewCell.h */,
				DF05FF221896BD2D00FF2F9B /* SelectionUITableViewCell.m */,
				DF06F1F718FEA8420011E7B9 /* ColorPickerUITableViewCell.h */,
				DF06F1F818FEA8420011E7B9 /* ColorPickerUITableViewCell.m */,
				DF06F1FA18FEC2020011E7B9 /* ColorPickerViewController.h */,
				DF06F1FB18FEC2020011E7B9 /* ColorPickerViewController.m */,
				DF06F1FD18FEFEDF0011E7B9 /* ChartUITableViewCell.h */,
				DF06F1FE18FEFEDF0011E7B9 /* ChartUITableViewCell.m */,
				DF06F2001900F8780011E7B9 /* ImageUITableViewCell.h */,
				DF06F2011900F8780011E7B9 /* ImageUITableViewCell.m */,
				DF06F20319010E9A0011E7B9 /* VideoUITableViewCell.h */,
				DF06F20419010E9A0011E7B9 /* VideoUITableViewCell.m */,
			);
			name = Widgets;
			sourceTree = "<group>";
		};
		DFB2621E18830A3600D3244D = {
			isa = PBXGroup;
			children = (
				DFB2623018830A3600D3244D /* openHAB */,
				DFB2625218830A3600D3244D /* openHABTests */,
				DFB2622918830A3600D3244D /* Frameworks */,
				DFB2622818830A3600D3244D /* Products */,
				E419E0383FCC45E7A3970B93 /* Pods.xcconfig */,
			);
			sourceTree = "<group>";
		};
		DFB2622818830A3600D3244D /* Products */ = {
			isa = PBXGroup;
			children = (
				DFB2622718830A3600D3244D /* openHAB.app */,
				DFB2624B18830A3600D3244D /* openHABTests.xctest */,
			);
			name = Products;
			sourceTree = "<group>";
		};
		DFB2622918830A3600D3244D /* Frameworks */ = {
			isa = PBXGroup;
			children = (
				DFB2622A18830A3600D3244D /* Foundation.framework */,
				DFB2622C18830A3600D3244D /* CoreGraphics.framework */,
				DFB2622E18830A3600D3244D /* UIKit.framework */,
				DFB2624C18830A3600D3244D /* XCTest.framework */,
				73CEB562F22E44DC92058388 /* libPods.a */,
			);
			name = Frameworks;
			sourceTree = "<group>";
		};
		DFB2623018830A3600D3244D /* openHAB */ = {
			isa = PBXGroup;
			children = (
				DF4B84051885AD4600F34902 /* Images */,
				DF4B83FD18857FA100F34902 /* UI */,
				DFDEE3FF18832293008B26AC /* Util */,
				DFDEE3FE1883228C008B26AC /* Models */,
				DFB2623918830A3600D3244D /* OpenHABAppDelegate.h */,
				DFB2623A18830A3600D3244D /* OpenHABAppDelegate.m */,
				DFB2623C18830A3600D3244D /* Main_iPhone.storyboard */,
				DFB2623F18830A3600D3244D /* Main_iPad.storyboard */,
				DFB2624518830A3600D3244D /* Images.xcassets */,
				DFB2623118830A3600D3244D /* Supporting Files */,
			);
			path = openHAB;
			sourceTree = "<group>";
		};
		DFB2623118830A3600D3244D /* Supporting Files */ = {
			isa = PBXGroup;
			children = (
				DFB2623218830A3600D3244D /* openHAB-Info.plist */,
				DFB2623318830A3600D3244D /* InfoPlist.strings */,
				DFB2623618830A3600D3244D /* main.m */,
				DFB2623818830A3600D3244D /* openHAB-Prefix.pch */,
			);
			name = "Supporting Files";
			sourceTree = "<group>";
		};
		DFB2625218830A3600D3244D /* openHABTests */ = {
			isa = PBXGroup;
			children = (
				DFB2625818830A3600D3244D /* openHABTests.m */,
				DFB2625318830A3600D3244D /* Supporting Files */,
			);
			path = openHABTests;
			sourceTree = "<group>";
		};
		DFB2625318830A3600D3244D /* Supporting Files */ = {
			isa = PBXGroup;
			children = (
				DFB2625418830A3600D3244D /* openHABTests-Info.plist */,
				DFB2625518830A3600D3244D /* InfoPlist.strings */,
			);
			name = "Supporting Files";
			sourceTree = "<group>";
		};
		DFDEE3FE1883228C008B26AC /* Models */ = {
			isa = PBXGroup;
			children = (
				DFDEE401188322BC008B26AC /* NSObject+Data.m */,
				DFDEE403188322FA008B26AC /* OpenHABItem.h */,
				DFDEE404188322FA008B26AC /* OpenHABItem.m */,
				DFDEE405188322FA008B26AC /* OpenHABLinkedPage.h */,
				DFDEE406188322FA008B26AC /* OpenHABLinkedPage.m */,
				DFDEE407188322FA008B26AC /* OpenHABSitemap.h */,
				DFDEE408188322FA008B26AC /* OpenHABSitemap.m */,
				DFDEE409188322FA008B26AC /* OpenHABSitemapPage.h */,
				DFDEE40A188322FA008B26AC /* OpenHABSitemapPage.m */,
				DFDEE40B188322FA008B26AC /* OpenHABWidget.h */,
				DFDEE40C188322FA008B26AC /* OpenHABWidget.m */,
				DF4B84021885A53700F34902 /* OpenHABDataObject.h */,
				DF4B84031885A53700F34902 /* OpenHABDataObject.m */,
				DFA16EBC1889867B00EDB0BB /* OpenHABWidgetMapping.h */,
				DFA16EBD1889867B00EDB0BB /* OpenHABWidgetMapping.m */,
			);
			name = Models;
			sourceTree = "<group>";
		};
		DFDEE3FF18832293008B26AC /* Util */ = {
			isa = PBXGroup;
			children = (
				DF2B6ADB18EF4D660063819F /* NSData+HexString.h */,
				DF2B6ADC18EF4D660063819F /* NSData+HexString.m */,
				DFDEE400188322BC008B26AC /* NSObject+Data.h */,
				DFDEE4181883EB18008B26AC /* Reachability.h */,
				DFDEE4191883EB18008B26AC /* Reachability.m */,
				DFDEE41218832323008B26AC /* NSMutableURLRequest+Auth.h */,
				DFDEE41318832323008B26AC /* NSMutableURLRequest+Auth.m */,
				DFDEE4151883C6A5008B26AC /* OpenHABTracker.h */,
				DFDEE4161883C6A5008B26AC /* OpenHABTracker.m */,
				DFDEE41B1883EB99008B26AC /* Reachability+URL.h */,
				DFDEE41C1883EB99008B26AC /* Reachability+URL.m */,
				DF4B84011885A51000F34902 /* OpenHABAppDataDelegate.h */,
			);
			name = Util;
			sourceTree = "<group>";
		};
		DFFD8FCE18EDBD30003B502A /* Util */ = {
			isa = PBXGroup;
			children = (
				DFFD8FCF18EDBD4F003B502A /* UICircleButton.h */,
				DFFD8FD018EDBD4F003B502A /* UICircleButton.m */,
			);
			name = Util;
			sourceTree = "<group>";
		};
/* End PBXGroup section */

/* Begin PBXNativeTarget section */
		DFB2622618830A3600D3244D /* openHAB */ = {
			isa = PBXNativeTarget;
			buildConfigurationList = DFB2625C18830A3600D3244D /* Build configuration list for PBXNativeTarget "openHAB" */;
			buildPhases = (
				CD12626098D2495A8D125E38 /* Check Pods Manifest.lock */,
				DFB2622318830A3600D3244D /* Sources */,
				DFB2622418830A3600D3244D /* Frameworks */,
				DFB2622518830A3600D3244D /* Resources */,
				731D5AA1AB0C4564ABDB9401 /* Copy Pods Resources */,
			);
			buildRules = (
			);
			dependencies = (
			);
			name = openHAB;
			productName = openHAB;
			productReference = DFB2622718830A3600D3244D /* openHAB.app */;
			productType = "com.apple.product-type.application";
		};
		DFB2624A18830A3600D3244D /* openHABTests */ = {
			isa = PBXNativeTarget;
			buildConfigurationList = DFB2625F18830A3600D3244D /* Build configuration list for PBXNativeTarget "openHABTests" */;
			buildPhases = (
				DFB2624718830A3600D3244D /* Sources */,
				DFB2624818830A3600D3244D /* Frameworks */,
				DFB2624918830A3600D3244D /* Resources */,
			);
			buildRules = (
			);
			dependencies = (
				DFB2625118830A3600D3244D /* PBXTargetDependency */,
			);
			name = openHABTests;
			productName = openHABTests;
			productReference = DFB2624B18830A3600D3244D /* openHABTests.xctest */;
			productType = "com.apple.product-type.bundle.unit-test";
		};
/* End PBXNativeTarget section */

/* Begin PBXProject section */
		DFB2621F18830A3600D3244D /* Project object */ = {
			isa = PBXProject;
			attributes = {
				CLASSPREFIX = OpenHAB;
				LastUpgradeCheck = 0500;
				ORGANIZATIONNAME = "Victor Belov";
				TargetAttributes = {
					DFB2622618830A3600D3244D = {
						DevelopmentTeam = 4K478J645F;
					};
					DFB2624A18830A3600D3244D = {
						TestTargetID = DFB2622618830A3600D3244D;
					};
				};
			};
			buildConfigurationList = DFB2622218830A3600D3244D /* Build configuration list for PBXProject "openHAB" */;
			compatibilityVersion = "Xcode 3.2";
			developmentRegion = English;
			hasScannedForEncodings = 0;
			knownRegions = (
				en,
				Base,
			);
			mainGroup = DFB2621E18830A3600D3244D;
			productRefGroup = DFB2622818830A3600D3244D /* Products */;
			projectDirPath = "";
			projectRoot = "";
			targets = (
				DFB2622618830A3600D3244D /* openHAB */,
				DFB2624A18830A3600D3244D /* openHABTests */,
			);
		};
/* End PBXProject section */

/* Begin PBXResourcesBuildPhase section */
		DFB2622518830A3600D3244D /* Resources */ = {
			isa = PBXResourcesBuildPhase;
			buildActionMask = 2147483647;
			files = (
				DF05FF191896595600FF2F9B /* glyphicons_213_up_arrow@2x.png in Resources */,
				DFB2624118830A3600D3244D /* Main_iPad.storyboard in Resources */,
				DFB2624618830A3600D3244D /* Images.xcassets in Resources */,
				DFB2623E18830A3600D3244D /* Main_iPhone.storyboard in Resources */,
				DFB2623518830A3600D3244D /* InfoPlist.strings in Resources */,
				DF05FF171896594F00FF2F9B /* glyphicons_212_down_arrow@2x.png in Resources */,
				DF05FF1B189659AF00FF2F9B /* glyphicons_432_plus@2x.png in Resources */,
				DF05FF1D189659C500FF2F9B /* glyphicons_433_minus@2x.png in Resources */,
				DF4B84071885AE0E00F34902 /* blankicon.png in Resources */,
				DF4B840F1885B34300F34902 /* app-icon@2x.png in Resources */,
				DF05FF151896594000FF2F9B /* glyphicons_207_remove_2@2x.png in Resources */,
			);
			runOnlyForDeploymentPostprocessing = 0;
		};
		DFB2624918830A3600D3244D /* Resources */ = {
			isa = PBXResourcesBuildPhase;
			buildActionMask = 2147483647;
			files = (
				DFB2625718830A3600D3244D /* InfoPlist.strings in Resources */,
			);
			runOnlyForDeploymentPostprocessing = 0;
		};
/* End PBXResourcesBuildPhase section */

/* Begin PBXShellScriptBuildPhase section */
		731D5AA1AB0C4564ABDB9401 /* Copy Pods Resources */ = {
			isa = PBXShellScriptBuildPhase;
			buildActionMask = 2147483647;
			files = (
			);
			inputPaths = (
			);
			name = "Copy Pods Resources";
			outputPaths = (
			);
			runOnlyForDeploymentPostprocessing = 0;
			shellPath = /bin/sh;
			shellScript = "\"${SRCROOT}/Pods/Pods-resources.sh\"\n";
			showEnvVarsInLog = 0;
		};
		CD12626098D2495A8D125E38 /* Check Pods Manifest.lock */ = {
			isa = PBXShellScriptBuildPhase;
			buildActionMask = 2147483647;
			files = (
			);
			inputPaths = (
			);
			name = "Check Pods Manifest.lock";
			outputPaths = (
			);
			runOnlyForDeploymentPostprocessing = 0;
			shellPath = /bin/sh;
			shellScript = "diff \"${PODS_ROOT}/../Podfile.lock\" \"${PODS_ROOT}/Manifest.lock\" > /dev/null\nif [[ $? != 0 ]] ; then\n    cat << EOM\nerror: The sandbox is not in sync with the Podfile.lock. Run 'pod install' or update your CocoaPods installation.\nEOM\n    exit 1\nfi\n";
			showEnvVarsInLog = 0;
		};
/* End PBXShellScriptBuildPhase section */

/* Begin PBXSourcesBuildPhase section */
		DFB2622318830A3600D3244D /* Sources */ = {
			isa = PBXSourcesBuildPhase;
			buildActionMask = 2147483647;
			files = (
				DFDEE41A1883EB18008B26AC /* Reachability.m in Sources */,
				DF4B84131886DAC400F34902 /* FrameUITableViewCell.m in Sources */,
				DFA16EC118898A8400EDB0BB /* SegmentedUITableViewCell.m in Sources */,
				DFA16EB818883CF300EDB0BB /* SetpointUITableViewCell.m in Sources */,
				DF05FF231896BD2D00FF2F9B /* SelectionUITableViewCell.m in Sources */,
				DFFD8FD118EDBD4F003B502A /* UICircleButton.m in Sources */,
				DF06F20519010E9A0011E7B9 /* VideoUITableViewCell.m in Sources */,
				DFB2623B18830A3600D3244D /* OpenHABAppDelegate.m in Sources */,
				DFA16EBE1889867B00EDB0BB /* OpenHABWidgetMapping.m in Sources */,
				DF06F1FF18FEFEDF0011E7B9 /* ChartUITableViewCell.m in Sources */,
				DF2B6ADD18EF4D660063819F /* NSData+HexString.m in Sources */,
				DFDEE411188322FA008B26AC /* OpenHABWidget.m in Sources */,
				DFB2623718830A3600D3244D /* main.m in Sources */,
				DFDEE410188322FA008B26AC /* OpenHABSitemapPage.m in Sources */,
				DFA13CB418872EBD006355C3 /* SwitchUITableViewCell.m in Sources */,
				DF4B840018857FD900F34902 /* OpenHABSelectSitemapViewController.m in Sources */,
				DF05FF2018965B5400FF2F9B /* RollershutterUITableViewCell.m in Sources */,
				DFB2624418830A3600D3244D /* OpenHABViewController.m in Sources */,
				DF06F1FC18FEC2020011E7B9 /* ColorPickerViewController.m in Sources */,
				DFDEE40F188322FA008B26AC /* OpenHABSitemap.m in Sources */,
				DFDEE40E188322FA008B26AC /* OpenHABLinkedPage.m in Sources */,
				DFDEE3FD18831099008B26AC /* OpenHABSettingsViewController.m in Sources */,
				DF06F2021900F8780011E7B9 /* ImageUITableViewCell.m in Sources */,
				DF4B84161886EACA00F34902 /* GenericUITableViewCell.m in Sources */,
				DFDEE4171883C6A5008B26AC /* OpenHABTracker.m in Sources */,
				DF06F1F618FE7A160011E7B9 /* OpenHABSelectionTableViewController.m in Sources */,
				DFDEE40D188322FA008B26AC /* OpenHABItem.m in Sources */,
				DF4B84041885A53700F34902 /* OpenHABDataObject.m in Sources */,
				DFA16EBB18883DE500EDB0BB /* SliderUITableViewCell.m in Sources */,
				DFDEE402188322BD008B26AC /* NSObject+Data.m in Sources */,
				DFDEE41D1883EB99008B26AC /* Reachability+URL.m in Sources */,
				DF06F1F918FEA8420011E7B9 /* ColorPickerUITableViewCell.m in Sources */,
				DFDEE41418832323008B26AC /* NSMutableURLRequest+Auth.m in Sources */,
			);
			runOnlyForDeploymentPostprocessing = 0;
		};
		DFB2624718830A3600D3244D /* Sources */ = {
			isa = PBXSourcesBuildPhase;
			buildActionMask = 2147483647;
			files = (
				DFB2625918830A3600D3244D /* openHABTests.m in Sources */,
			);
			runOnlyForDeploymentPostprocessing = 0;
		};
/* End PBXSourcesBuildPhase section */

/* Begin PBXTargetDependency section */
		DFB2625118830A3600D3244D /* PBXTargetDependency */ = {
			isa = PBXTargetDependency;
			target = DFB2622618830A3600D3244D /* openHAB */;
			targetProxy = DFB2625018830A3600D3244D /* PBXContainerItemProxy */;
		};
/* End PBXTargetDependency section */

/* Begin PBXVariantGroup section */
		DFB2623318830A3600D3244D /* InfoPlist.strings */ = {
			isa = PBXVariantGroup;
			children = (
				DFB2623418830A3600D3244D /* en */,
			);
			name = InfoPlist.strings;
			sourceTree = "<group>";
		};
		DFB2623C18830A3600D3244D /* Main_iPhone.storyboard */ = {
			isa = PBXVariantGroup;
			children = (
				DFB2623D18830A3600D3244D /* Base */,
			);
			name = Main_iPhone.storyboard;
			sourceTree = "<group>";
		};
		DFB2623F18830A3600D3244D /* Main_iPad.storyboard */ = {
			isa = PBXVariantGroup;
			children = (
				DFB2624018830A3600D3244D /* Base */,
			);
			name = Main_iPad.storyboard;
			sourceTree = "<group>";
		};
		DFB2625518830A3600D3244D /* InfoPlist.strings */ = {
			isa = PBXVariantGroup;
			children = (
				DFB2625618830A3600D3244D /* en */,
			);
			name = InfoPlist.strings;
			sourceTree = "<group>";
		};
/* End PBXVariantGroup section */

/* Begin XCBuildConfiguration section */
		DFB2625A18830A3600D3244D /* Debug */ = {
			isa = XCBuildConfiguration;
			buildSettings = {
				ALWAYS_SEARCH_USER_PATHS = NO;
				ARCHS = "$(ARCHS_STANDARD_INCLUDING_64_BIT)";
				CLANG_CXX_LANGUAGE_STANDARD = "gnu++0x";
				CLANG_CXX_LIBRARY = "libc++";
				CLANG_ENABLE_MODULES = YES;
				CLANG_ENABLE_OBJC_ARC = YES;
				CLANG_WARN_BOOL_CONVERSION = YES;
				CLANG_WARN_CONSTANT_CONVERSION = YES;
				CLANG_WARN_DIRECT_OBJC_ISA_USAGE = YES_ERROR;
				CLANG_WARN_EMPTY_BODY = YES;
				CLANG_WARN_ENUM_CONVERSION = YES;
				CLANG_WARN_INT_CONVERSION = YES;
				CLANG_WARN_OBJC_ROOT_CLASS = YES_ERROR;
				CLANG_WARN__DUPLICATE_METHOD_MATCH = YES;
				"CODE_SIGN_IDENTITY[sdk=iphoneos*]" = "iPhone Developer";
				COPY_PHASE_STRIP = NO;
				GCC_C_LANGUAGE_STANDARD = gnu99;
				GCC_DYNAMIC_NO_PIC = NO;
				GCC_OPTIMIZATION_LEVEL = 0;
				GCC_PREPROCESSOR_DEFINITIONS = (
					"DEBUG=1",
					"$(inherited)",
				);
				GCC_SYMBOLS_PRIVATE_EXTERN = NO;
				GCC_WARN_64_TO_32_BIT_CONVERSION = YES;
				GCC_WARN_ABOUT_RETURN_TYPE = YES_ERROR;
				GCC_WARN_UNDECLARED_SELECTOR = YES;
				GCC_WARN_UNINITIALIZED_AUTOS = YES;
				GCC_WARN_UNUSED_FUNCTION = YES;
				GCC_WARN_UNUSED_VARIABLE = YES;
				IPHONEOS_DEPLOYMENT_TARGET = 7.0;
				ONLY_ACTIVE_ARCH = YES;
				SDKROOT = iphoneos;
				TARGETED_DEVICE_FAMILY = "1,2";
			};
			name = Debug;
		};
		DFB2625B18830A3600D3244D /* Release */ = {
			isa = XCBuildConfiguration;
			buildSettings = {
				ALWAYS_SEARCH_USER_PATHS = NO;
				ARCHS = "$(ARCHS_STANDARD_INCLUDING_64_BIT)";
				CLANG_CXX_LANGUAGE_STANDARD = "gnu++0x";
				CLANG_CXX_LIBRARY = "libc++";
				CLANG_ENABLE_MODULES = YES;
				CLANG_ENABLE_OBJC_ARC = YES;
				CLANG_WARN_BOOL_CONVERSION = YES;
				CLANG_WARN_CONSTANT_CONVERSION = YES;
				CLANG_WARN_DIRECT_OBJC_ISA_USAGE = YES_ERROR;
				CLANG_WARN_EMPTY_BODY = YES;
				CLANG_WARN_ENUM_CONVERSION = YES;
				CLANG_WARN_INT_CONVERSION = YES;
				CLANG_WARN_OBJC_ROOT_CLASS = YES_ERROR;
				CLANG_WARN__DUPLICATE_METHOD_MATCH = YES;
				"CODE_SIGN_IDENTITY[sdk=iphoneos*]" = "iPhone Developer";
				COPY_PHASE_STRIP = YES;
				ENABLE_NS_ASSERTIONS = NO;
				GCC_C_LANGUAGE_STANDARD = gnu99;
				GCC_WARN_64_TO_32_BIT_CONVERSION = YES;
				GCC_WARN_ABOUT_RETURN_TYPE = YES_ERROR;
				GCC_WARN_UNDECLARED_SELECTOR = YES;
				GCC_WARN_UNINITIALIZED_AUTOS = YES;
				GCC_WARN_UNUSED_FUNCTION = YES;
				GCC_WARN_UNUSED_VARIABLE = YES;
				IPHONEOS_DEPLOYMENT_TARGET = 7.0;
				SDKROOT = iphoneos;
				TARGETED_DEVICE_FAMILY = "1,2";
				VALIDATE_PRODUCT = YES;
			};
			name = Release;
		};
		DFB2625D18830A3600D3244D /* Debug */ = {
			isa = XCBuildConfiguration;
			baseConfigurationReference = E419E0383FCC45E7A3970B93 /* Pods.xcconfig */;
			buildSettings = {
				ASSETCATALOG_COMPILER_APPICON_NAME = AppIcon;
				ASSETCATALOG_COMPILER_LAUNCHIMAGE_NAME = LaunchImage;
				CODE_SIGN_IDENTITY = "iPhone Developer";
				"CODE_SIGN_IDENTITY[sdk=iphoneos*]" = "iPhone Developer";
				GCC_PRECOMPILE_PREFIX_HEADER = YES;
				GCC_PREFIX_HEADER = "openHAB/openHAB-Prefix.pch";
				INFOPLIST_FILE = "openHAB/openHAB-Info.plist";
				LIBRARY_SEARCH_PATHS = (
					"$(inherited)",
					"$(PROJECT_DIR)/CrittercismSDK",
				);
				PRODUCT_NAME = "$(TARGET_NAME)";
				PROVISIONING_PROFILE = "82E22A89-EA14-4A5E-9CD2-017C18B8624C";
				WRAPPER_EXTENSION = app;
			};
			name = Debug;
		};
		DFB2625E18830A3600D3244D /* Release */ = {
			isa = XCBuildConfiguration;
			baseConfigurationReference = E419E0383FCC45E7A3970B93 /* Pods.xcconfig */;
			buildSettings = {
				ASSETCATALOG_COMPILER_APPICON_NAME = AppIcon;
				ASSETCATALOG_COMPILER_LAUNCHIMAGE_NAME = LaunchImage;
				CODE_SIGN_IDENTITY = "iPhone Distribution: openHAB UG (haftungsbeschränkt) (4K478J645F)";
				"CODE_SIGN_IDENTITY[sdk=iphoneos*]" = "iPhone Distribution: openHAB UG (haftungsbeschränkt) (4K478J645F)";
				GCC_PRECOMPILE_PREFIX_HEADER = YES;
				GCC_PREFIX_HEADER = "openHAB/openHAB-Prefix.pch";
				INFOPLIST_FILE = "openHAB/openHAB-Info.plist";
				LIBRARY_SEARCH_PATHS = (
					"$(inherited)",
					"$(PROJECT_DIR)/CrittercismSDK",
				);
				PRODUCT_NAME = "$(TARGET_NAME)";
				PROVISIONING_PROFILE = "82E22A89-EA14-4A5E-9CD2-017C18B8624C";
				WRAPPER_EXTENSION = app;
			};
			name = Release;
		};
		DFB2626018830A3600D3244D /* Debug */ = {
			isa = XCBuildConfiguration;
			buildSettings = {
				ARCHS = "$(ARCHS_STANDARD_INCLUDING_64_BIT)";
				BUNDLE_LOADER = "$(BUILT_PRODUCTS_DIR)/openHAB.app/openHAB";
				FRAMEWORK_SEARCH_PATHS = (
					"$(SDKROOT)/Developer/Library/Frameworks",
					"$(inherited)",
					"$(DEVELOPER_FRAMEWORKS_DIR)",
				);
				GCC_PRECOMPILE_PREFIX_HEADER = YES;
				GCC_PREFIX_HEADER = "openHAB/openHAB-Prefix.pch";
				GCC_PREPROCESSOR_DEFINITIONS = (
					"DEBUG=1",
					"$(inherited)",
				);
				INFOPLIST_FILE = "openHABTests/openHABTests-Info.plist";
				PRODUCT_NAME = "$(TARGET_NAME)";
				TEST_HOST = "$(BUNDLE_LOADER)";
				WRAPPER_EXTENSION = xctest;
			};
			name = Debug;
		};
		DFB2626118830A3600D3244D /* Release */ = {
			isa = XCBuildConfiguration;
			buildSettings = {
				ARCHS = "$(ARCHS_STANDARD_INCLUDING_64_BIT)";
				BUNDLE_LOADER = "$(BUILT_PRODUCTS_DIR)/openHAB.app/openHAB";
				FRAMEWORK_SEARCH_PATHS = (
					"$(SDKROOT)/Developer/Library/Frameworks",
					"$(inherited)",
					"$(DEVELOPER_FRAMEWORKS_DIR)",
				);
				GCC_PRECOMPILE_PREFIX_HEADER = YES;
				GCC_PREFIX_HEADER = "openHAB/openHAB-Prefix.pch";
				INFOPLIST_FILE = "openHABTests/openHABTests-Info.plist";
				PRODUCT_NAME = "$(TARGET_NAME)";
				TEST_HOST = "$(BUNDLE_LOADER)";
				WRAPPER_EXTENSION = xctest;
			};
			name = Release;
		};
/* End XCBuildConfiguration section */

/* Begin XCConfigurationList section */
		DFB2622218830A3600D3244D /* Build configuration list for PBXProject "openHAB" */ = {
			isa = XCConfigurationList;
			buildConfigurations = (
				DFB2625A18830A3600D3244D /* Debug */,
				DFB2625B18830A3600D3244D /* Release */,
			);
			defaultConfigurationIsVisible = 0;
			defaultConfigurationName = Release;
		};
		DFB2625C18830A3600D3244D /* Build configuration list for PBXNativeTarget "openHAB" */ = {
			isa = XCConfigurationList;
			buildConfigurations = (
				DFB2625D18830A3600D3244D /* Debug */,
				DFB2625E18830A3600D3244D /* Release */,
			);
			defaultConfigurationIsVisible = 0;
			defaultConfigurationName = Release;
		};
		DFB2625F18830A3600D3244D /* Build configuration list for PBXNativeTarget "openHABTests" */ = {
			isa = XCConfigurationList;
			buildConfigurations = (
				DFB2626018830A3600D3244D /* Debug */,
				DFB2626118830A3600D3244D /* Release */,
			);
			defaultConfigurationIsVisible = 0;
			defaultConfigurationName = Release;
		};
/* End XCConfigurationList section */
	};
	rootObject = DFB2621F18830A3600D3244D /* Project object */;
}
