// !$*UTF8*$!
{
	archiveVersion = 1;
	classes = {
	};
	objectVersion = 46;
	objects = {

/* Begin PBXBuildFile section */
		240E752E32702103C7E74188 /* Pods_openHAB.framework in Frameworks */ = {isa = PBXBuildFile; fileRef = A0936D4493CB67B1F64C3BED /* Pods_openHAB.framework */; };
		653C09D71EAE4C0000BA4C4A /* icon-29x29.png in Resources */ = {isa = PBXBuildFile; fileRef = 653C09D51EAE4C0000BA4C4A /* icon-29x29.png */; };
		653C09D81EAE4C0000BA4C4A /* icon-76x76.png in Resources */ = {isa = PBXBuildFile; fileRef = 653C09D61EAE4C0000BA4C4A /* icon-76x76.png */; };
		656916D91FCB82BC00667B2A /* GoogleService-Info.plist in Resources */ = {isa = PBXBuildFile; fileRef = 656916D81FCB82BC00667B2A /* GoogleService-Info.plist */; };
		A3F4C3A31A49A5090019A09F = {isa = PBXBuildFile; fileRef = A3F4C3A11A49A5090019A09F /* Main.storyboard */; };
		A3F4C3A51A49A5940019A09F /* MainLaunchScreen.xib in Resources */ = {isa = PBXBuildFile; fileRef = A3F4C3A41A49A5940019A09F /* MainLaunchScreen.xib */; };
		A3F4C3A71A49A6AC0019A09F /* launchImage.png in Resources */ = {isa = PBXBuildFile; fileRef = A3F4C3A61A49A6AC0019A09F /* launchImage.png */; };
		B7D5ECE121499E55001B0EC6 /* MapViewTableViewCell.swift in Sources */ = {isa = PBXBuildFile; fileRef = B7D5ECE021499E55001B0EC6 /* MapViewTableViewCell.swift */; };
		DAA42BA821DC97E000244B2A /* NotificationTableViewCell.swift in Sources */ = {isa = PBXBuildFile; fileRef = DAA42BA721DC97DF00244B2A /* NotificationTableViewCell.swift */; };
		DAA42BAA21DC983B00244B2A /* VideoUITableViewCell.swift in Sources */ = {isa = PBXBuildFile; fileRef = DAA42BA921DC983B00244B2A /* VideoUITableViewCell.swift */; };
		DAA42BAC21DC984A00244B2A /* WebUITableViewCell.swift in Sources */ = {isa = PBXBuildFile; fileRef = DAA42BAB21DC984A00244B2A /* WebUITableViewCell.swift */; };
		DAA42BAE21DC987C00244B2A /* ImageUITableViewCell.swift in Sources */ = {isa = PBXBuildFile; fileRef = DAA42BAD21DC987C00244B2A /* ImageUITableViewCell.swift */; };
		DAEAA89721DF8D8C00267EA3 /* OpenHABSelectionTableViewControllerDelegate.swift in Sources */ = {isa = PBXBuildFile; fileRef = DAEAA89621DF8D8C00267EA3 /* OpenHABSelectionTableViewControllerDelegate.swift */; };
		DAEAA89B21E2611000267EA3 /* OpenHABNotificationsViewController.swift in Sources */ = {isa = PBXBuildFile; fileRef = DAEAA89A21E2611000267EA3 /* OpenHABNotificationsViewController.swift */; };
		DAEAA89D21E6B06400267EA3 /* ReusableView.swift in Sources */ = {isa = PBXBuildFile; fileRef = DAEAA89C21E6B06300267EA3 /* ReusableView.swift */; };
		DAEAA89F21E6B16600267EA3 /* UITableView.swift in Sources */ = {isa = PBXBuildFile; fileRef = DAEAA89E21E6B16600267EA3 /* UITableView.swift */; };
		DF05EF121D00696200DD646D /* DrawerUITableViewCell.swift in Sources */ = {isa = PBXBuildFile; fileRef = DF05EF111D00696200DD646D /* DrawerUITableViewCell.swift */; };
		DF05FF151896594000FF2F9B /* glyphicons_207_remove_2@2x.png in Resources */ = {isa = PBXBuildFile; fileRef = DF05FF141896594000FF2F9B /* glyphicons_207_remove_2@2x.png */; };
		DF05FF171896594F00FF2F9B /* glyphicons_212_down_arrow@2x.png in Resources */ = {isa = PBXBuildFile; fileRef = DF05FF161896594F00FF2F9B /* glyphicons_212_down_arrow@2x.png */; };
		DF05FF191896595600FF2F9B /* glyphicons_213_up_arrow@2x.png in Resources */ = {isa = PBXBuildFile; fileRef = DF05FF181896595600FF2F9B /* glyphicons_213_up_arrow@2x.png */; };
		DF05FF1B189659AF00FF2F9B /* glyphicons_432_plus@2x.png in Resources */ = {isa = PBXBuildFile; fileRef = DF05FF1A189659AF00FF2F9B /* glyphicons_432_plus@2x.png */; };
		DF05FF1D189659C500FF2F9B /* glyphicons_433_minus@2x.png in Resources */ = {isa = PBXBuildFile; fileRef = DF05FF1C189659C500FF2F9B /* glyphicons_433_minus@2x.png */; };
		DF05FF2018965B5400FF2F9B /* RollershutterUITableViewCell.swift in Sources */ = {isa = PBXBuildFile; fileRef = DF05FF1F18965B5400FF2F9B /* RollershutterUITableViewCell.swift */; };
		DF05FF231896BD2D00FF2F9B /* SelectionUITableViewCell.swift in Sources */ = {isa = PBXBuildFile; fileRef = DF05FF221896BD2D00FF2F9B /* SelectionUITableViewCell.swift */; };
		DF06F1F618FE7A160011E7B9 /* OpenHABSelectionTableViewController.swift in Sources */ = {isa = PBXBuildFile; fileRef = DF06F1F518FE7A160011E7B9 /* OpenHABSelectionTableViewController.swift */; };
		DF06F1F918FEA8420011E7B9 /* ColorPickerUITableViewCell.swift in Sources */ = {isa = PBXBuildFile; fileRef = DF06F1F818FEA8420011E7B9 /* ColorPickerUITableViewCell.swift */; };
		DF06F1FC18FEC2020011E7B9 /* ColorPickerViewController.swift in Sources */ = {isa = PBXBuildFile; fileRef = DF06F1FB18FEC2020011E7B9 /* ColorPickerViewController.swift */; };
		DF06F1FF18FEFEDF0011E7B9 /* ChartUITableViewCell.swift in Sources */ = {isa = PBXBuildFile; fileRef = DF06F1FE18FEFEDF0011E7B9 /* ChartUITableViewCell.swift */; };
		DF1B302D1CF5C667009C921C /* OpenHABNotification.swift in Sources */ = {isa = PBXBuildFile; fileRef = DF1B302C1CF5C667009C921C /* OpenHABNotification.swift */; };
		DF2B6ADD18EF4D660063819F /* NSData+HexString.m in Sources */ = {isa = PBXBuildFile; fileRef = DF2B6ADC18EF4D660063819F /* NSData+HexString.m */; };
		DF4A022C1CF315BA006C3456 /* OpenHABDrawerTableViewController.swift in Sources */ = {isa = PBXBuildFile; fileRef = DF4A022B1CF315BA006C3456 /* OpenHABDrawerTableViewController.swift */; };
		DF4A02421CF34096006C3456 /* OpenHABDrawerItem.swift in Sources */ = {isa = PBXBuildFile; fileRef = DF4A02411CF34096006C3456 /* OpenHABDrawerItem.swift */; };
		DF4A02441CF46986006C3456 /* glyphicons-137-cogwheel.png in Resources */ = {isa = PBXBuildFile; fileRef = DF4A02431CF46986006C3456 /* glyphicons-137-cogwheel.png */; };
		DF4A02461CF4721B006C3456 /* glyphicons-334-bell.png in Resources */ = {isa = PBXBuildFile; fileRef = DF4A02451CF4721B006C3456 /* glyphicons-334-bell.png */; };
		DF4A02481CF47757006C3456 /* glyphicons-597-activity.png in Resources */ = {isa = PBXBuildFile; fileRef = DF4A02471CF47757006C3456 /* glyphicons-597-activity.png */; };
		DF4A024A1CF47794006C3456 /* glyphicons-731-puzzle.png in Resources */ = {isa = PBXBuildFile; fileRef = DF4A02491CF47794006C3456 /* glyphicons-731-puzzle.png */; };
		DF4B840018857FD900F34902 /* OpenHABSelectSitemapViewController.swift in Sources */ = {isa = PBXBuildFile; fileRef = DF4B83FF18857FD900F34902 /* OpenHABSelectSitemapViewController.swift */; };
		DF4B84041885A53700F34902 /* OpenHABDataObject.m in Sources */ = {isa = PBXBuildFile; fileRef = DF4B84031885A53700F34902 /* OpenHABDataObject.m */; };
		DF4B84071885AE0E00F34902 /* blankicon.png in Resources */ = {isa = PBXBuildFile; fileRef = DF4B84061885AE0E00F34902 /* blankicon.png */; };
		DF4B84131886DAC400F34902 /* FrameUITableViewCell.swift in Sources */ = {isa = PBXBuildFile; fileRef = DF4B84121886DAC400F34902 /* FrameUITableViewCell.swift */; };
		DF4B84161886EACA00F34902 /* GenericUITableViewCell.swift in Sources */ = {isa = PBXBuildFile; fileRef = DF4B84151886EACA00F34902 /* GenericUITableViewCell.swift */; };
		DF75996D1976CD0C0098F90D /* UIAlertView+Block.swift in Sources */ = {isa = PBXBuildFile; fileRef = DF75996C1976CD0C0098F90D /* UIAlertView+Block.swift */; };
		DFA13CB418872EBD006355C3 /* SwitchUITableViewCell.swift in Sources */ = {isa = PBXBuildFile; fileRef = DFA13CB318872EBD006355C3 /* SwitchUITableViewCell.swift */; };
		DFA16EB818883CF300EDB0BB /* SetpointUITableViewCell.swift in Sources */ = {isa = PBXBuildFile; fileRef = DFA16EB718883CF300EDB0BB /* SetpointUITableViewCell.swift */; };
		DFA16EBB18883DE500EDB0BB /* SliderUITableViewCell.swift in Sources */ = {isa = PBXBuildFile; fileRef = DFA16EBA18883DE500EDB0BB /* SliderUITableViewCell.swift */; };
		DFA16EBE1889867B00EDB0BB /* OpenHABWidgetMapping.swift in Sources */ = {isa = PBXBuildFile; fileRef = DFA16EBD1889867B00EDB0BB /* OpenHABWidgetMapping.swift */; };
		DFA16EC118898A8400EDB0BB /* SegmentedUITableViewCell.swift in Sources */ = {isa = PBXBuildFile; fileRef = DFA16EC018898A8400EDB0BB /* SegmentedUITableViewCell.swift */; };
		DFB2622B18830A3600D3244D /* Foundation.framework in Frameworks */ = {isa = PBXBuildFile; fileRef = DFB2622A18830A3600D3244D /* Foundation.framework */; };
		DFB2622D18830A3600D3244D /* CoreGraphics.framework in Frameworks */ = {isa = PBXBuildFile; fileRef = DFB2622C18830A3600D3244D /* CoreGraphics.framework */; };
		DFB2622F18830A3600D3244D /* UIKit.framework in Frameworks */ = {isa = PBXBuildFile; fileRef = DFB2622E18830A3600D3244D /* UIKit.framework */; };
		DFB2623518830A3600D3244D = {isa = PBXBuildFile; fileRef = DFB2623318830A3600D3244D /* InfoPlist.strings */; };
		DFB2623718830A3600D3244D /* main.m in Sources */ = {isa = PBXBuildFile; fileRef = DFB2623618830A3600D3244D /* main.m */; };
		DFB2623B18830A3600D3244D /* OpenHABAppDelegate.m in Sources */ = {isa = PBXBuildFile; fileRef = DFB2623A18830A3600D3244D /* OpenHABAppDelegate.m */; };
		DFB2624418830A3600D3244D /* OpenHABViewController.swift in Sources */ = {isa = PBXBuildFile; fileRef = DFB2624318830A3600D3244D /* OpenHABViewController.swift */; };
		DFB2624618830A3600D3244D /* Images.xcassets in Resources */ = {isa = PBXBuildFile; fileRef = DFB2624518830A3600D3244D /* Images.xcassets */; };
		DFB2624D18830A3600D3244D /* XCTest.framework in Frameworks */ = {isa = PBXBuildFile; fileRef = DFB2624C18830A3600D3244D /* XCTest.framework */; };
		DFB2624E18830A3600D3244D /* Foundation.framework in Frameworks */ = {isa = PBXBuildFile; fileRef = DFB2622A18830A3600D3244D /* Foundation.framework */; };
		DFB2624F18830A3600D3244D /* UIKit.framework in Frameworks */ = {isa = PBXBuildFile; fileRef = DFB2622E18830A3600D3244D /* UIKit.framework */; };
		DFB2625718830A3600D3244D = {isa = PBXBuildFile; fileRef = DFB2625518830A3600D3244D /* InfoPlist.strings */; };
		DFB2625918830A3600D3244D /* openHABTests.m in Sources */ = {isa = PBXBuildFile; fileRef = DFB2625818830A3600D3244D /* openHABTests.m */; };
		DFDA3CEA193CADB200888039 /* ping.wav in Resources */ = {isa = PBXBuildFile; fileRef = DFDA3CE9193CADB200888039 /* ping.wav */; };
		DFDEE3FD18831099008B26AC /* OpenHABSettingsViewController.swift in Sources */ = {isa = PBXBuildFile; fileRef = DFDEE3FC18831099008B26AC /* OpenHABSettingsViewController.swift */; };
		DFDEE402188322BD008B26AC /* NSObject+Data.m in Sources */ = {isa = PBXBuildFile; fileRef = DFDEE401188322BC008B26AC /* NSObject+Data.m */; };
		DFDEE40D188322FA008B26AC /* OpenHABItem.m in Sources */ = {isa = PBXBuildFile; fileRef = DFDEE404188322FA008B26AC /* OpenHABItem.m */; };
		DFDEE40E188322FA008B26AC /* OpenHABLinkedPage.swift in Sources */ = {isa = PBXBuildFile; fileRef = DFDEE406188322FA008B26AC /* OpenHABLinkedPage.swift */; };
		DFDEE40F188322FA008B26AC /* OpenHABSitemap.m in Sources */ = {isa = PBXBuildFile; fileRef = DFDEE408188322FA008B26AC /* OpenHABSitemap.m */; };
		DFDEE410188322FA008B26AC /* OpenHABSitemapPage.m in Sources */ = {isa = PBXBuildFile; fileRef = DFDEE40A188322FA008B26AC /* OpenHABSitemapPage.m */; };
		DFDEE411188322FA008B26AC /* OpenHABWidget.m in Sources */ = {isa = PBXBuildFile; fileRef = DFDEE40C188322FA008B26AC /* OpenHABWidget.m */; };
		DFDEE41418832323008B26AC /* NSMutableURLRequest+Auth.m in Sources */ = {isa = PBXBuildFile; fileRef = DFDEE41318832323008B26AC /* NSMutableURLRequest+Auth.m */; };
		DFDEE4171883C6A5008B26AC /* OpenHABTracker.m in Sources */ = {isa = PBXBuildFile; fileRef = DFDEE4161883C6A5008B26AC /* OpenHABTracker.m */; };
		DFDEE41A1883EB18008B26AC /* Reachability.m in Sources */ = {isa = PBXBuildFile; fileRef = DFDEE4191883EB18008B26AC /* Reachability.m */; };
		DFDEE41D1883EB99008B26AC /* Reachability+URL.m in Sources */ = {isa = PBXBuildFile; fileRef = DFDEE41C1883EB99008B26AC /* Reachability+URL.m */; };
		DFDF452F1932032B00A6E581 /* OpenHABLegalViewController.swift in Sources */ = {isa = PBXBuildFile; fileRef = DFDF452E1932032B00A6E581 /* OpenHABLegalViewController.swift */; };
		DFDF45311932042B00A6E581 /* legal.rtf in Resources */ = {isa = PBXBuildFile; fileRef = DFDF45301932042B00A6E581 /* legal.rtf */; };
		DFDF45341934699B00A6E581 /* OpenHABInfoViewController.swift in Sources */ = {isa = PBXBuildFile; fileRef = DFDF45331934699B00A6E581 /* OpenHABInfoViewController.swift */; };
		DFE104121973FC7500D94943 /* AFRememberingSecurityPolicy.m in Sources */ = {isa = PBXBuildFile; fileRef = DFE104111973FC7500D94943 /* AFRememberingSecurityPolicy.m */; };
		DFE10414197415F900D94943 /* Security.framework in Frameworks */ = {isa = PBXBuildFile; fileRef = DFE10413197415F900D94943 /* Security.framework */; };
		DFFD8FD118EDBD4F003B502A /* UICircleButton.swift in Sources */ = {isa = PBXBuildFile; fileRef = DFFD8FD018EDBD4F003B502A /* UICircleButton.swift */; };
/* End PBXBuildFile section */

/* Begin PBXContainerItemProxy section */
		DFB2625018830A3600D3244D /* PBXContainerItemProxy */ = {
			isa = PBXContainerItemProxy;
			containerPortal = DFB2621F18830A3600D3244D /* Project object */;
			proxyType = 1;
			remoteGlobalIDString = DFB2622618830A3600D3244D;
			remoteInfo = openHAB;
		};
/* End PBXContainerItemProxy section */

/* Begin PBXFileReference section */
		0B8ADF5EDF627447F5C32ADF /* Pods-openHAB.debug.xcconfig */ = {isa = PBXFileReference; includeInIndex = 1; lastKnownFileType = text.xcconfig; name = "Pods-openHAB.debug.xcconfig"; path = "Pods/Target Support Files/Pods-openHAB/Pods-openHAB.debug.xcconfig"; sourceTree = "<group>"; };
		653C09D41EAD691A00BA4C4A /* openHAB.entitlements */ = {isa = PBXFileReference; lastKnownFileType = text.plist.entitlements; path = openHAB.entitlements; sourceTree = "<group>"; };
		653C09D51EAE4C0000BA4C4A /* icon-29x29.png */ = {isa = PBXFileReference; lastKnownFileType = image.png; path = "icon-29x29.png"; sourceTree = "<group>"; };
		653C09D61EAE4C0000BA4C4A /* icon-76x76.png */ = {isa = PBXFileReference; lastKnownFileType = image.png; path = "icon-76x76.png"; sourceTree = "<group>"; };
		656916D81FCB82BC00667B2A /* GoogleService-Info.plist */ = {isa = PBXFileReference; fileEncoding = 4; lastKnownFileType = text.plist.xml; path = "GoogleService-Info.plist"; sourceTree = SOURCE_ROOT; };
		92D164D7D26248F747AE06CA /* Pods-openHAB.release.xcconfig */ = {isa = PBXFileReference; includeInIndex = 1; lastKnownFileType = text.xcconfig; name = "Pods-openHAB.release.xcconfig"; path = "Pods/Target Support Files/Pods-openHAB/Pods-openHAB.release.xcconfig"; sourceTree = "<group>"; };
		9D18471F9683BC95AB168CBE /* openHAB-Bridging-Header.h */ = {isa = PBXFileReference; lastKnownFileType = sourcecode.c.h; path = "openHAB-Bridging-Header.h"; sourceTree = "<group>"; };
		A0936D4493CB67B1F64C3BED /* Pods_openHAB.framework */ = {isa = PBXFileReference; explicitFileType = wrapper.framework; includeInIndex = 0; path = Pods_openHAB.framework; sourceTree = BUILT_PRODUCTS_DIR; };
		A3F4C3A21A49A5090019A09F /* Base */ = {isa = PBXFileReference; lastKnownFileType = file.storyboard; name = Base; path = openHAB/Base.lproj/Main.storyboard; sourceTree = "<group>"; };
		A3F4C3A41A49A5940019A09F /* MainLaunchScreen.xib */ = {isa = PBXFileReference; fileEncoding = 4; lastKnownFileType = file.xib; name = MainLaunchScreen.xib; path = ../MainLaunchScreen.xib; sourceTree = "<group>"; };
		A3F4C3A61A49A6AC0019A09F /* launchImage.png */ = {isa = PBXFileReference; lastKnownFileType = image.png; path = launchImage.png; sourceTree = "<group>"; };
		B7D5ECE021499E55001B0EC6 /* MapViewTableViewCell.swift */ = {isa = PBXFileReference; lastKnownFileType = sourcecode.swift; path = MapViewTableViewCell.swift; sourceTree = "<group>"; };
		DAA42BA721DC97DF00244B2A /* NotificationTableViewCell.swift */ = {isa = PBXFileReference; fileEncoding = 4; lastKnownFileType = sourcecode.swift; path = NotificationTableViewCell.swift; sourceTree = "<group>"; };
		DAA42BA921DC983B00244B2A /* VideoUITableViewCell.swift */ = {isa = PBXFileReference; fileEncoding = 4; lastKnownFileType = sourcecode.swift; path = VideoUITableViewCell.swift; sourceTree = "<group>"; };
		DAA42BAB21DC984A00244B2A /* WebUITableViewCell.swift */ = {isa = PBXFileReference; fileEncoding = 4; lastKnownFileType = sourcecode.swift; path = WebUITableViewCell.swift; sourceTree = "<group>"; };
		DAA42BAD21DC987C00244B2A /* ImageUITableViewCell.swift */ = {isa = PBXFileReference; fileEncoding = 4; lastKnownFileType = sourcecode.swift; path = ImageUITableViewCell.swift; sourceTree = "<group>"; };
		DAEAA89621DF8D8C00267EA3 /* OpenHABSelectionTableViewControllerDelegate.swift */ = {isa = PBXFileReference; lastKnownFileType = sourcecode.swift; path = OpenHABSelectionTableViewControllerDelegate.swift; sourceTree = "<group>"; };
		DAEAA89A21E2611000267EA3 /* OpenHABNotificationsViewController.swift */ = {isa = PBXFileReference; lastKnownFileType = sourcecode.swift; path = OpenHABNotificationsViewController.swift; sourceTree = "<group>"; };
		DAEAA89C21E6B06300267EA3 /* ReusableView.swift */ = {isa = PBXFileReference; lastKnownFileType = sourcecode.swift; path = ReusableView.swift; sourceTree = "<group>"; };
		DAEAA89E21E6B16600267EA3 /* UITableView.swift */ = {isa = PBXFileReference; lastKnownFileType = sourcecode.swift; path = UITableView.swift; sourceTree = "<group>"; };
		DF05EF111D00696200DD646D /* DrawerUITableViewCell.swift */ = {isa = PBXFileReference; fileEncoding = 4; lastKnownFileType = sourcecode.swift; path = DrawerUITableViewCell.swift; sourceTree = "<group>"; };
		DF05FF141896594000FF2F9B /* glyphicons_207_remove_2@2x.png */ = {isa = PBXFileReference; lastKnownFileType = image.png; path = "glyphicons_207_remove_2@2x.png"; sourceTree = "<group>"; };
		DF05FF161896594F00FF2F9B /* glyphicons_212_down_arrow@2x.png */ = {isa = PBXFileReference; lastKnownFileType = image.png; path = "glyphicons_212_down_arrow@2x.png"; sourceTree = "<group>"; };
		DF05FF181896595600FF2F9B /* glyphicons_213_up_arrow@2x.png */ = {isa = PBXFileReference; lastKnownFileType = image.png; path = "glyphicons_213_up_arrow@2x.png"; sourceTree = "<group>"; };
		DF05FF1A189659AF00FF2F9B /* glyphicons_432_plus@2x.png */ = {isa = PBXFileReference; lastKnownFileType = image.png; path = "glyphicons_432_plus@2x.png"; sourceTree = "<group>"; };
		DF05FF1C189659C500FF2F9B /* glyphicons_433_minus@2x.png */ = {isa = PBXFileReference; lastKnownFileType = image.png; path = "glyphicons_433_minus@2x.png"; sourceTree = "<group>"; };
		DF05FF1F18965B5400FF2F9B /* RollershutterUITableViewCell.swift */ = {isa = PBXFileReference; fileEncoding = 4; lastKnownFileType = sourcecode.swift; path = RollershutterUITableViewCell.swift; sourceTree = "<group>"; };
		DF05FF221896BD2D00FF2F9B /* SelectionUITableViewCell.swift */ = {isa = PBXFileReference; fileEncoding = 4; lastKnownFileType = sourcecode.swift; path = SelectionUITableViewCell.swift; sourceTree = "<group>"; };
		DF06F1F518FE7A160011E7B9 /* OpenHABSelectionTableViewController.swift */ = {isa = PBXFileReference; fileEncoding = 4; lastKnownFileType = sourcecode.swift; path = OpenHABSelectionTableViewController.swift; sourceTree = "<group>"; };
		DF06F1F818FEA8420011E7B9 /* ColorPickerUITableViewCell.swift */ = {isa = PBXFileReference; fileEncoding = 4; lastKnownFileType = sourcecode.swift; path = ColorPickerUITableViewCell.swift; sourceTree = "<group>"; };
		DF06F1FB18FEC2020011E7B9 /* ColorPickerViewController.swift */ = {isa = PBXFileReference; fileEncoding = 4; lastKnownFileType = sourcecode.swift; path = ColorPickerViewController.swift; sourceTree = "<group>"; };
		DF06F1FE18FEFEDF0011E7B9 /* ChartUITableViewCell.swift */ = {isa = PBXFileReference; fileEncoding = 4; lastKnownFileType = sourcecode.swift; path = ChartUITableViewCell.swift; sourceTree = "<group>"; };
		DF1B302C1CF5C667009C921C /* OpenHABNotification.swift */ = {isa = PBXFileReference; fileEncoding = 4; lastKnownFileType = sourcecode.swift; path = OpenHABNotification.swift; sourceTree = "<group>"; };
		DF2B6ADB18EF4D660063819F /* NSData+HexString.h */ = {isa = PBXFileReference; fileEncoding = 4; lastKnownFileType = sourcecode.c.h; path = "NSData+HexString.h"; sourceTree = "<group>"; };
		DF2B6ADC18EF4D660063819F /* NSData+HexString.m */ = {isa = PBXFileReference; fileEncoding = 4; lastKnownFileType = sourcecode.c.objc; path = "NSData+HexString.m"; sourceTree = "<group>"; };
		DF4A022B1CF315BA006C3456 /* OpenHABDrawerTableViewController.swift */ = {isa = PBXFileReference; fileEncoding = 4; lastKnownFileType = sourcecode.swift; path = OpenHABDrawerTableViewController.swift; sourceTree = "<group>"; };
		DF4A02411CF34096006C3456 /* OpenHABDrawerItem.swift */ = {isa = PBXFileReference; fileEncoding = 4; lastKnownFileType = sourcecode.swift; path = OpenHABDrawerItem.swift; sourceTree = "<group>"; };
		DF4A02431CF46986006C3456 /* glyphicons-137-cogwheel.png */ = {isa = PBXFileReference; lastKnownFileType = image.png; path = "glyphicons-137-cogwheel.png"; sourceTree = "<group>"; };
		DF4A02451CF4721B006C3456 /* glyphicons-334-bell.png */ = {isa = PBXFileReference; lastKnownFileType = image.png; path = "glyphicons-334-bell.png"; sourceTree = "<group>"; };
		DF4A02471CF47757006C3456 /* glyphicons-597-activity.png */ = {isa = PBXFileReference; lastKnownFileType = image.png; path = "glyphicons-597-activity.png"; sourceTree = "<group>"; };
		DF4A02491CF47794006C3456 /* glyphicons-731-puzzle.png */ = {isa = PBXFileReference; lastKnownFileType = image.png; path = "glyphicons-731-puzzle.png"; sourceTree = "<group>"; };
		DF4B83FF18857FD900F34902 /* OpenHABSelectSitemapViewController.swift */ = {isa = PBXFileReference; fileEncoding = 4; lastKnownFileType = sourcecode.swift; path = OpenHABSelectSitemapViewController.swift; sourceTree = "<group>"; };
		DF4B84011885A51000F34902 /* OpenHABAppDataDelegate.h */ = {isa = PBXFileReference; lastKnownFileType = sourcecode.c.h; path = OpenHABAppDataDelegate.h; sourceTree = "<group>"; };
		DF4B84021885A53700F34902 /* OpenHABDataObject.h */ = {isa = PBXFileReference; fileEncoding = 4; lastKnownFileType = sourcecode.c.h; path = OpenHABDataObject.h; sourceTree = "<group>"; };
		DF4B84031885A53700F34902 /* OpenHABDataObject.m */ = {isa = PBXFileReference; fileEncoding = 4; lastKnownFileType = sourcecode.c.objc; path = OpenHABDataObject.m; sourceTree = "<group>"; };
		DF4B84061885AE0E00F34902 /* blankicon.png */ = {isa = PBXFileReference; lastKnownFileType = image.png; path = blankicon.png; sourceTree = "<group>"; };
		DF4B84121886DAC400F34902 /* FrameUITableViewCell.swift */ = {isa = PBXFileReference; fileEncoding = 4; lastKnownFileType = sourcecode.swift; path = FrameUITableViewCell.swift; sourceTree = "<group>"; };
		DF4B84151886EACA00F34902 /* GenericUITableViewCell.swift */ = {isa = PBXFileReference; fileEncoding = 4; lastKnownFileType = sourcecode.swift; path = GenericUITableViewCell.swift; sourceTree = "<group>"; };
		DF75996C1976CD0C0098F90D /* UIAlertView+Block.swift */ = {isa = PBXFileReference; fileEncoding = 4; lastKnownFileType = sourcecode.swift; path = "UIAlertView+Block.swift"; sourceTree = "<group>"; };
		DFA13CB318872EBD006355C3 /* SwitchUITableViewCell.swift */ = {isa = PBXFileReference; fileEncoding = 4; lastKnownFileType = sourcecode.swift; path = SwitchUITableViewCell.swift; sourceTree = "<group>"; };
		DFA16EB718883CF300EDB0BB /* SetpointUITableViewCell.swift */ = {isa = PBXFileReference; fileEncoding = 4; lastKnownFileType = sourcecode.swift; path = SetpointUITableViewCell.swift; sourceTree = "<group>"; };
		DFA16EBA18883DE500EDB0BB /* SliderUITableViewCell.swift */ = {isa = PBXFileReference; fileEncoding = 4; lastKnownFileType = sourcecode.swift; path = SliderUITableViewCell.swift; sourceTree = "<group>"; };
		DFA16EBD1889867B00EDB0BB /* OpenHABWidgetMapping.swift */ = {isa = PBXFileReference; fileEncoding = 4; lastKnownFileType = sourcecode.swift; path = OpenHABWidgetMapping.swift; sourceTree = "<group>"; };
		DFA16EC018898A8400EDB0BB /* SegmentedUITableViewCell.swift */ = {isa = PBXFileReference; fileEncoding = 4; lastKnownFileType = sourcecode.swift; path = SegmentedUITableViewCell.swift; sourceTree = "<group>"; };
		DFB2622718830A3600D3244D /* openHAB.app */ = {isa = PBXFileReference; explicitFileType = wrapper.application; includeInIndex = 0; path = openHAB.app; sourceTree = BUILT_PRODUCTS_DIR; };
		DFB2622A18830A3600D3244D /* Foundation.framework */ = {isa = PBXFileReference; lastKnownFileType = wrapper.framework; name = Foundation.framework; path = System/Library/Frameworks/Foundation.framework; sourceTree = SDKROOT; };
		DFB2622C18830A3600D3244D /* CoreGraphics.framework */ = {isa = PBXFileReference; lastKnownFileType = wrapper.framework; name = CoreGraphics.framework; path = System/Library/Frameworks/CoreGraphics.framework; sourceTree = SDKROOT; };
		DFB2622E18830A3600D3244D /* UIKit.framework */ = {isa = PBXFileReference; lastKnownFileType = wrapper.framework; name = UIKit.framework; path = System/Library/Frameworks/UIKit.framework; sourceTree = SDKROOT; };
		DFB2623218830A3600D3244D /* openHAB-Info.plist */ = {isa = PBXFileReference; lastKnownFileType = text.plist.xml; path = "openHAB-Info.plist"; sourceTree = "<group>"; };
		DFB2623418830A3600D3244D /* en */ = {isa = PBXFileReference; lastKnownFileType = text.plist.strings; name = en; path = en.lproj/InfoPlist.strings; sourceTree = "<group>"; };
		DFB2623618830A3600D3244D /* main.m */ = {isa = PBXFileReference; lastKnownFileType = sourcecode.c.objc; path = main.m; sourceTree = "<group>"; };
		DFB2623818830A3600D3244D /* openHAB-Prefix.pch */ = {isa = PBXFileReference; lastKnownFileType = sourcecode.c.h; path = "openHAB-Prefix.pch"; sourceTree = "<group>"; };
		DFB2623918830A3600D3244D /* OpenHABAppDelegate.h */ = {isa = PBXFileReference; lastKnownFileType = sourcecode.c.h; path = OpenHABAppDelegate.h; sourceTree = "<group>"; };
		DFB2623A18830A3600D3244D /* OpenHABAppDelegate.m */ = {isa = PBXFileReference; lastKnownFileType = sourcecode.c.objc; path = OpenHABAppDelegate.m; sourceTree = "<group>"; };
		DFB2624318830A3600D3244D /* OpenHABViewController.swift */ = {isa = PBXFileReference; lastKnownFileType = sourcecode.swift; path = OpenHABViewController.swift; sourceTree = "<group>"; };
		DFB2624518830A3600D3244D /* Images.xcassets */ = {isa = PBXFileReference; lastKnownFileType = folder.assetcatalog; path = Images.xcassets; sourceTree = "<group>"; };
		DFB2624B18830A3600D3244D /* openHABTests.xctest */ = {isa = PBXFileReference; explicitFileType = wrapper.cfbundle; includeInIndex = 0; path = openHABTests.xctest; sourceTree = BUILT_PRODUCTS_DIR; };
		DFB2624C18830A3600D3244D /* XCTest.framework */ = {isa = PBXFileReference; lastKnownFileType = wrapper.framework; name = XCTest.framework; path = Library/Frameworks/XCTest.framework; sourceTree = DEVELOPER_DIR; };
		DFB2625418830A3600D3244D /* openHABTests-Info.plist */ = {isa = PBXFileReference; lastKnownFileType = text.plist.xml; path = "openHABTests-Info.plist"; sourceTree = "<group>"; };
		DFB2625618830A3600D3244D /* en */ = {isa = PBXFileReference; lastKnownFileType = text.plist.strings; name = en; path = en.lproj/InfoPlist.strings; sourceTree = "<group>"; };
		DFB2625818830A3600D3244D /* openHABTests.m */ = {isa = PBXFileReference; lastKnownFileType = sourcecode.c.objc; path = openHABTests.m; sourceTree = "<group>"; };
		DFDA3CE9193CADB200888039 /* ping.wav */ = {isa = PBXFileReference; lastKnownFileType = audio.wav; path = ping.wav; sourceTree = "<group>"; };
		DFDEE3FC18831099008B26AC /* OpenHABSettingsViewController.swift */ = {isa = PBXFileReference; fileEncoding = 4; lastKnownFileType = sourcecode.swift; path = OpenHABSettingsViewController.swift; sourceTree = "<group>"; };
		DFDEE400188322BC008B26AC /* NSObject+Data.h */ = {isa = PBXFileReference; fileEncoding = 4; lastKnownFileType = sourcecode.c.h; path = "NSObject+Data.h"; sourceTree = "<group>"; };
		DFDEE401188322BC008B26AC /* NSObject+Data.m */ = {isa = PBXFileReference; fileEncoding = 4; lastKnownFileType = sourcecode.c.objc; path = "NSObject+Data.m"; sourceTree = "<group>"; };
		DFDEE403188322FA008B26AC /* OpenHABItem.h */ = {isa = PBXFileReference; fileEncoding = 4; lastKnownFileType = sourcecode.c.h; path = OpenHABItem.h; sourceTree = "<group>"; };
		DFDEE404188322FA008B26AC /* OpenHABItem.m */ = {isa = PBXFileReference; fileEncoding = 4; lastKnownFileType = sourcecode.c.objc; path = OpenHABItem.m; sourceTree = "<group>"; };
		DFDEE406188322FA008B26AC /* OpenHABLinkedPage.swift */ = {isa = PBXFileReference; fileEncoding = 4; lastKnownFileType = sourcecode.swift; path = OpenHABLinkedPage.swift; sourceTree = "<group>"; };
		DFDEE407188322FA008B26AC /* OpenHABSitemap.h */ = {isa = PBXFileReference; fileEncoding = 4; lastKnownFileType = sourcecode.c.h; path = OpenHABSitemap.h; sourceTree = "<group>"; };
		DFDEE408188322FA008B26AC /* OpenHABSitemap.m */ = {isa = PBXFileReference; fileEncoding = 4; lastKnownFileType = sourcecode.c.objc; path = OpenHABSitemap.m; sourceTree = "<group>"; };
		DFDEE409188322FA008B26AC /* OpenHABSitemapPage.h */ = {isa = PBXFileReference; fileEncoding = 4; lastKnownFileType = sourcecode.c.h; path = OpenHABSitemapPage.h; sourceTree = "<group>"; };
		DFDEE40A188322FA008B26AC /* OpenHABSitemapPage.m */ = {isa = PBXFileReference; fileEncoding = 4; lastKnownFileType = sourcecode.c.objc; path = OpenHABSitemapPage.m; sourceTree = "<group>"; };
		DFDEE40B188322FA008B26AC /* OpenHABWidget.h */ = {isa = PBXFileReference; fileEncoding = 4; lastKnownFileType = sourcecode.c.h; path = OpenHABWidget.h; sourceTree = "<group>"; };
		DFDEE40C188322FA008B26AC /* OpenHABWidget.m */ = {isa = PBXFileReference; fileEncoding = 4; lastKnownFileType = sourcecode.c.objc; path = OpenHABWidget.m; sourceTree = "<group>"; };
		DFDEE41218832323008B26AC /* NSMutableURLRequest+Auth.h */ = {isa = PBXFileReference; fileEncoding = 4; lastKnownFileType = sourcecode.c.h; path = "NSMutableURLRequest+Auth.h"; sourceTree = "<group>"; };
		DFDEE41318832323008B26AC /* NSMutableURLRequest+Auth.m */ = {isa = PBXFileReference; fileEncoding = 4; lastKnownFileType = sourcecode.c.objc; path = "NSMutableURLRequest+Auth.m"; sourceTree = "<group>"; };
		DFDEE4151883C6A5008B26AC /* OpenHABTracker.h */ = {isa = PBXFileReference; fileEncoding = 4; lastKnownFileType = sourcecode.c.h; path = OpenHABTracker.h; sourceTree = "<group>"; };
		DFDEE4161883C6A5008B26AC /* OpenHABTracker.m */ = {isa = PBXFileReference; fileEncoding = 4; lastKnownFileType = sourcecode.c.objc; path = OpenHABTracker.m; sourceTree = "<group>"; };
		DFDEE4181883EB18008B26AC /* Reachability.h */ = {isa = PBXFileReference; fileEncoding = 4; lastKnownFileType = sourcecode.c.h; path = Reachability.h; sourceTree = "<group>"; };
		DFDEE4191883EB18008B26AC /* Reachability.m */ = {isa = PBXFileReference; fileEncoding = 4; lastKnownFileType = sourcecode.c.objc; path = Reachability.m; sourceTree = "<group>"; };
		DFDEE41B1883EB99008B26AC /* Reachability+URL.h */ = {isa = PBXFileReference; fileEncoding = 4; lastKnownFileType = sourcecode.c.h; path = "Reachability+URL.h"; sourceTree = "<group>"; };
		DFDEE41C1883EB99008B26AC /* Reachability+URL.m */ = {isa = PBXFileReference; fileEncoding = 4; lastKnownFileType = sourcecode.c.objc; path = "Reachability+URL.m"; sourceTree = "<group>"; };
		DFDF452E1932032B00A6E581 /* OpenHABLegalViewController.swift */ = {isa = PBXFileReference; fileEncoding = 4; lastKnownFileType = sourcecode.swift; path = OpenHABLegalViewController.swift; sourceTree = "<group>"; };
		DFDF45301932042B00A6E581 /* legal.rtf */ = {isa = PBXFileReference; fileEncoding = 4; lastKnownFileType = text.rtf; path = legal.rtf; sourceTree = "<group>"; };
		DFDF45331934699B00A6E581 /* OpenHABInfoViewController.swift */ = {isa = PBXFileReference; fileEncoding = 4; lastKnownFileType = sourcecode.swift; path = OpenHABInfoViewController.swift; sourceTree = "<group>"; };
		DFE104101973FC7500D94943 /* AFRememberingSecurityPolicy.h */ = {isa = PBXFileReference; fileEncoding = 4; lastKnownFileType = sourcecode.c.h; path = AFRememberingSecurityPolicy.h; sourceTree = "<group>"; };
		DFE104111973FC7500D94943 /* AFRememberingSecurityPolicy.m */ = {isa = PBXFileReference; fileEncoding = 4; lastKnownFileType = sourcecode.c.objc; path = AFRememberingSecurityPolicy.m; sourceTree = "<group>"; };
		DFE10413197415F900D94943 /* Security.framework */ = {isa = PBXFileReference; lastKnownFileType = wrapper.framework; name = Security.framework; path = System/Library/Frameworks/Security.framework; sourceTree = SDKROOT; };
		DFFD8FD018EDBD4F003B502A /* UICircleButton.swift */ = {isa = PBXFileReference; fileEncoding = 4; lastKnownFileType = sourcecode.swift; path = UICircleButton.swift; sourceTree = "<group>"; };
/* End PBXFileReference section */

/* Begin PBXFrameworksBuildPhase section */
		DFB2622418830A3600D3244D /* Frameworks */ = {
			isa = PBXFrameworksBuildPhase;
			buildActionMask = 2147483647;
			files = (
				DFB2622D18830A3600D3244D /* CoreGraphics.framework in Frameworks */,
				DFB2622B18830A3600D3244D /* Foundation.framework in Frameworks */,
				240E752E32702103C7E74188 /* Pods_openHAB.framework in Frameworks */,
				DFE10414197415F900D94943 /* Security.framework in Frameworks */,
				DFB2622F18830A3600D3244D /* UIKit.framework in Frameworks */,
			);
			runOnlyForDeploymentPostprocessing = 0;
		};
		DFB2624818830A3600D3244D /* Frameworks */ = {
			isa = PBXFrameworksBuildPhase;
			buildActionMask = 2147483647;
			files = (
				DFB2624E18830A3600D3244D /* Foundation.framework in Frameworks */,
				DFB2624F18830A3600D3244D /* UIKit.framework in Frameworks */,
				DFB2624D18830A3600D3244D /* XCTest.framework in Frameworks */,
			);
			runOnlyForDeploymentPostprocessing = 0;
		};
/* End PBXFrameworksBuildPhase section */

/* Begin PBXGroup section */
		55933D2EF2A0967A5346C7B0 /* Pods */ = {
			isa = PBXGroup;
			children = (
				0B8ADF5EDF627447F5C32ADF /* Pods-openHAB.debug.xcconfig */,
				92D164D7D26248F747AE06CA /* Pods-openHAB.release.xcconfig */,
			);
			name = Pods;
			sourceTree = "<group>";
		};
		DF05FF13189658FD00FF2F9B /* icons */ = {
			isa = PBXGroup;
			children = (
				653C09D51EAE4C0000BA4C4A /* icon-29x29.png */,
				653C09D61EAE4C0000BA4C4A /* icon-76x76.png */,
				DF4A02431CF46986006C3456 /* glyphicons-137-cogwheel.png */,
				DF4A02451CF4721B006C3456 /* glyphicons-334-bell.png */,
				DF4A02471CF47757006C3456 /* glyphicons-597-activity.png */,
				DF4A02491CF47794006C3456 /* glyphicons-731-puzzle.png */,
				DF05FF141896594000FF2F9B /* glyphicons_207_remove_2@2x.png */,
				DF05FF161896594F00FF2F9B /* glyphicons_212_down_arrow@2x.png */,
				DF05FF181896595600FF2F9B /* glyphicons_213_up_arrow@2x.png */,
				DF05FF1A189659AF00FF2F9B /* glyphicons_432_plus@2x.png */,
				DF05FF1C189659C500FF2F9B /* glyphicons_433_minus@2x.png */,
			);
			name = icons;
			sourceTree = "<group>";
		};
		DF4A02291CF3157B006C3456 /* Drawer */ = {
			isa = PBXGroup;
			children = (
				DF4A02411CF34096006C3456 /* OpenHABDrawerItem.swift */,
				DF4A022B1CF315BA006C3456 /* OpenHABDrawerTableViewController.swift */,
				DF4A022D1CF315D3006C3456 /* Widgets */,
			);
			name = Drawer;
			sourceTree = "<group>";
		};
		DF4A022D1CF315D3006C3456 /* Widgets */ = {
			isa = PBXGroup;
			children = (
				DF05EF111D00696200DD646D /* DrawerUITableViewCell.swift */,
			);
			name = Widgets;
			sourceTree = "<group>";
		};
		DF4B83FD18857FA100F34902 /* UI */ = {
			isa = PBXGroup;
			children = (
				DF4A02291CF3157B006C3456 /* Drawer */,
				DFDF45331934699B00A6E581 /* OpenHABInfoViewController.swift */,
				DFDF452E1932032B00A6E581 /* OpenHABLegalViewController.swift */,
				DF06F1F518FE7A160011E7B9 /* OpenHABSelectionTableViewController.swift */,
				DAEAA89621DF8D8C00267EA3 /* OpenHABSelectionTableViewControllerDelegate.swift */,
				DAEAA89A21E2611000267EA3 /* OpenHABNotificationsViewController.swift */,
				DF4B83FF18857FD900F34902 /* OpenHABSelectSitemapViewController.swift */,
				DFDEE3FC18831099008B26AC /* OpenHABSettingsViewController.swift */,
				DFB2624318830A3600D3244D /* OpenHABViewController.swift */,
				DFFD8FCE18EDBD30003B502A /* Util */,
				DF4B84101886DA9900F34902 /* Widgets */,
			);
			name = UI;
			sourceTree = "<group>";
		};
		DF4B84051885AD4600F34902 /* Images */ = {
			isa = PBXGroup;
			children = (
				DF4B84061885AE0E00F34902 /* blankicon.png */,
				DF05FF13189658FD00FF2F9B /* icons */,
				A3F4C3A61A49A6AC0019A09F /* launchImage.png */,
			);
			name = Images;
			sourceTree = "<group>";
		};
		DF4B84101886DA9900F34902 /* Widgets */ = {
			isa = PBXGroup;
			children = (
				DAEAA89C21E6B06300267EA3 /* ReusableView.swift */,
				DF06F1FE18FEFEDF0011E7B9 /* ChartUITableViewCell.swift */,
				DF06F1F818FEA8420011E7B9 /* ColorPickerUITableViewCell.swift */,
				DF06F1FB18FEC2020011E7B9 /* ColorPickerViewController.swift */,
				DF4B84121886DAC400F34902 /* FrameUITableViewCell.swift */,
				DF4B84151886EACA00F34902 /* GenericUITableViewCell.swift */,
				DAA42BAD21DC987C00244B2A /* ImageUITableViewCell.swift */,
				B7D5ECE021499E55001B0EC6 /* MapViewTableViewCell.swift */,
				DAA42BA721DC97DF00244B2A /* NotificationTableViewCell.swift */,
				DF05FF1F18965B5400FF2F9B /* RollershutterUITableViewCell.swift */,
				DFA16EC018898A8400EDB0BB /* SegmentedUITableViewCell.swift */,
				DF05FF221896BD2D00FF2F9B /* SelectionUITableViewCell.swift */,
				DFA16EB718883CF300EDB0BB /* SetpointUITableViewCell.swift */,
				DFA16EBA18883DE500EDB0BB /* SliderUITableViewCell.swift */,
				DFA13CB318872EBD006355C3 /* SwitchUITableViewCell.swift */,
				DAA42BA921DC983B00244B2A /* VideoUITableViewCell.swift */,
				DAA42BAB21DC984A00244B2A /* WebUITableViewCell.swift */,
				DAEAA89E21E6B16600267EA3 /* UITableView.swift */,
			);
			name = Widgets;
			sourceTree = "<group>";
		};
		DFB2621E18830A3600D3244D = {
			isa = PBXGroup;
			children = (
				DFB2622918830A3600D3244D /* Frameworks */,
				DFB2623018830A3600D3244D /* openHAB */,
				DFB2625218830A3600D3244D /* openHABTests */,
				55933D2EF2A0967A5346C7B0 /* Pods */,
				DFB2622818830A3600D3244D /* Products */,
				9D18471F9683BC95AB168CBE /* openHAB-Bridging-Header.h */,
			);
			sourceTree = "<group>";
		};
		DFB2622818830A3600D3244D /* Products */ = {
			isa = PBXGroup;
			children = (
				DFB2622718830A3600D3244D /* openHAB.app */,
				DFB2624B18830A3600D3244D /* openHABTests.xctest */,
			);
			name = Products;
			sourceTree = "<group>";
		};
		DFB2622918830A3600D3244D /* Frameworks */ = {
			isa = PBXGroup;
			children = (
				DFB2622C18830A3600D3244D /* CoreGraphics.framework */,
				DFB2622A18830A3600D3244D /* Foundation.framework */,
				A0936D4493CB67B1F64C3BED /* Pods_openHAB.framework */,
				DFE10413197415F900D94943 /* Security.framework */,
				DFB2622E18830A3600D3244D /* UIKit.framework */,
				DFB2624C18830A3600D3244D /* XCTest.framework */,
			);
			name = Frameworks;
			sourceTree = "<group>";
		};
		DFB2623018830A3600D3244D /* openHAB */ = {
			isa = PBXGroup;
			children = (
				656916D81FCB82BC00667B2A /* GoogleService-Info.plist */,
				653C09D41EAD691A00BA4C4A /* openHAB.entitlements */,
				DF4B84051885AD4600F34902 /* Images */,
				DFB2624518830A3600D3244D /* Images.xcassets */,
				A3F4C3A11A49A5090019A09F /* Main.storyboard */,
				A3F4C3A41A49A5940019A09F /* MainLaunchScreen.xib */,
				DFDEE3FE1883228C008B26AC /* Models */,
				DFB2623918830A3600D3244D /* OpenHABAppDelegate.h */,
				DFB2623A18830A3600D3244D /* OpenHABAppDelegate.m */,
				DFB2623118830A3600D3244D /* Supporting Files */,
				DF4B83FD18857FA100F34902 /* UI */,
				DFDEE3FF18832293008B26AC /* Util */,
			);
			path = openHAB;
			sourceTree = "<group>";
		};
		DFB2623118830A3600D3244D /* Supporting Files */ = {
			isa = PBXGroup;
			children = (
				DFB2623318830A3600D3244D /* InfoPlist.strings */,
				DFDF45301932042B00A6E581 /* legal.rtf */,
				DFB2623618830A3600D3244D /* main.m */,
				DFB2623218830A3600D3244D /* openHAB-Info.plist */,
				DFB2623818830A3600D3244D /* openHAB-Prefix.pch */,
				DFDA3CE9193CADB200888039 /* ping.wav */,
			);
			name = "Supporting Files";
			sourceTree = "<group>";
		};
		DFB2625218830A3600D3244D /* openHABTests */ = {
			isa = PBXGroup;
			children = (
				DFB2625818830A3600D3244D /* openHABTests.m */,
				DFB2625318830A3600D3244D /* Supporting Files */,
			);
			path = openHABTests;
			sourceTree = "<group>";
		};
		DFB2625318830A3600D3244D /* Supporting Files */ = {
			isa = PBXGroup;
			children = (
				DFB2625518830A3600D3244D /* InfoPlist.strings */,
				DFB2625418830A3600D3244D /* openHABTests-Info.plist */,
			);
			name = "Supporting Files";
			sourceTree = "<group>";
		};
		DFDEE3FE1883228C008B26AC /* Models */ = {
			isa = PBXGroup;
			children = (
				DF4B84021885A53700F34902 /* OpenHABDataObject.h */,
				DF4B84031885A53700F34902 /* OpenHABDataObject.m */,
				DFDEE403188322FA008B26AC /* OpenHABItem.h */,
				DFDEE404188322FA008B26AC /* OpenHABItem.m */,
				DFDEE406188322FA008B26AC /* OpenHABLinkedPage.swift */,
				DF1B302C1CF5C667009C921C /* OpenHABNotification.swift */,
				DFDEE407188322FA008B26AC /* OpenHABSitemap.h */,
				DFDEE408188322FA008B26AC /* OpenHABSitemap.m */,
				DFDEE409188322FA008B26AC /* OpenHABSitemapPage.h */,
				DFDEE40A188322FA008B26AC /* OpenHABSitemapPage.m */,
				DFDEE40B188322FA008B26AC /* OpenHABWidget.h */,
				DFDEE40C188322FA008B26AC /* OpenHABWidget.m */,
				DFA16EBD1889867B00EDB0BB /* OpenHABWidgetMapping.swift */,
			);
			name = Models;
			sourceTree = "<group>";
		};
		DFDEE3FF18832293008B26AC /* Util */ = {
			isa = PBXGroup;
			children = (
				DFE104101973FC7500D94943 /* AFRememberingSecurityPolicy.h */,
				DFE104111973FC7500D94943 /* AFRememberingSecurityPolicy.m */,
				DF2B6ADB18EF4D660063819F /* NSData+HexString.h */,
				DF2B6ADC18EF4D660063819F /* NSData+HexString.m */,
				DFDEE41218832323008B26AC /* NSMutableURLRequest+Auth.h */,
				DFDEE41318832323008B26AC /* NSMutableURLRequest+Auth.m */,
				DFDEE400188322BC008B26AC /* NSObject+Data.h */,
				DFDEE401188322BC008B26AC /* NSObject+Data.m */,
				DF4B84011885A51000F34902 /* OpenHABAppDataDelegate.h */,
				DFDEE4151883C6A5008B26AC /* OpenHABTracker.h */,
				DFDEE4161883C6A5008B26AC /* OpenHABTracker.m */,
				DFDEE4181883EB18008B26AC /* Reachability.h */,
				DFDEE4191883EB18008B26AC /* Reachability.m */,
				DFDEE41B1883EB99008B26AC /* Reachability+URL.h */,
				DFDEE41C1883EB99008B26AC /* Reachability+URL.m */,
			);
			name = Util;
			sourceTree = "<group>";
		};
		DFFD8FCE18EDBD30003B502A /* Util */ = {
			isa = PBXGroup;
			children = (
				DF75996C1976CD0C0098F90D /* UIAlertView+Block.swift */,
				DFFD8FD018EDBD4F003B502A /* UICircleButton.swift */,
			);
			name = Util;
			sourceTree = "<group>";
		};
/* End PBXGroup section */

/* Begin PBXNativeTarget section */
		DFB2622618830A3600D3244D /* openHAB */ = {
			isa = PBXNativeTarget;
			buildConfigurationList = DFB2625C18830A3600D3244D /* Build configuration list for PBXNativeTarget "openHAB" */;
			buildPhases = (
				9543C2DDD9BFDB7DD06CF7DE /* ShellScript */,
				DFB2622318830A3600D3244D /* Sources */,
				DFB2622418830A3600D3244D /* Frameworks */,
				DFB2622518830A3600D3244D /* Resources */,
				CE459E4F9AA10964E3EDBD8A /* ShellScript */,
				6562C91D1FCF2B56008C61CE /* ShellScript */,
				DAEAA89921E1F4BD00267EA3 /* ShellScript */,
			);
			buildRules = (
			);
			dependencies = (
			);
			name = openHAB;
			productName = openHAB;
			productReference = DFB2622718830A3600D3244D /* openHAB.app */;
			productType = "com.apple.product-type.application";
		};
		DFB2624A18830A3600D3244D /* openHABTests */ = {
			isa = PBXNativeTarget;
			buildConfigurationList = DFB2625F18830A3600D3244D /* Build configuration list for PBXNativeTarget "openHABTests" */;
			buildPhases = (
				DFB2624718830A3600D3244D /* Sources */,
				DFB2624818830A3600D3244D /* Frameworks */,
				DFB2624918830A3600D3244D /* Resources */,
			);
			buildRules = (
			);
			dependencies = (
				DFB2625118830A3600D3244D /* PBXTargetDependency */,
			);
			name = openHABTests;
			productName = openHABTests;
			productReference = DFB2624B18830A3600D3244D /* openHABTests.xctest */;
			productType = "com.apple.product-type.bundle.unit-test";
		};
/* End PBXNativeTarget section */

/* Begin PBXProject section */
		DFB2621F18830A3600D3244D /* Project object */ = {
			isa = PBXProject;
			attributes = {
				CLASSPREFIX = OpenHAB;
				LastUpgradeCheck = 1010;
				ORGANIZATIONNAME = "openHAB e.V.";
				TargetAttributes = {
					DFB2622618830A3600D3244D = {
						DevelopmentTeam = D6A95UZXVC;
						ProvisioningStyle = Automatic;
						SystemCapabilities = {
							com.apple.Push = {
								enabled = 1;
							};
						};
					};
					DFB2624A18830A3600D3244D = {
						TestTargetID = DFB2622618830A3600D3244D;
					};
				};
			};
			buildConfigurationList = DFB2622218830A3600D3244D /* Build configuration list for PBXProject "openHAB" */;
			compatibilityVersion = "Xcode 3.2";
			developmentRegion = English;
			hasScannedForEncodings = 0;
			knownRegions = (
				en,
				Base,
			);
			mainGroup = DFB2621E18830A3600D3244D;
			productRefGroup = DFB2622818830A3600D3244D;
			projectDirPath = "";
			projectRoot = "";
			targets = (
				DFB2622618830A3600D3244D /* openHAB */,
				DFB2624A18830A3600D3244D /* openHABTests */,
			);
		};
/* End PBXProject section */

/* Begin PBXResourcesBuildPhase section */
		DFB2622518830A3600D3244D /* Resources */ = {
			isa = PBXResourcesBuildPhase;
			buildActionMask = 2147483647;
			files = (
				DF4B84071885AE0E00F34902 /* blankicon.png in Resources */,
				DF4A02441CF46986006C3456 /* glyphicons-137-cogwheel.png in Resources */,
				DF4A02461CF4721B006C3456 /* glyphicons-334-bell.png in Resources */,
				DF4A02481CF47757006C3456 /* glyphicons-597-activity.png in Resources */,
				DF4A024A1CF47794006C3456 /* glyphicons-731-puzzle.png in Resources */,
				DF05FF151896594000FF2F9B /* glyphicons_207_remove_2@2x.png in Resources */,
				DF05FF171896594F00FF2F9B /* glyphicons_212_down_arrow@2x.png in Resources */,
				DF05FF191896595600FF2F9B /* glyphicons_213_up_arrow@2x.png in Resources */,
				DF05FF1B189659AF00FF2F9B /* glyphicons_432_plus@2x.png in Resources */,
				DF05FF1D189659C500FF2F9B /* glyphicons_433_minus@2x.png in Resources */,
				DFB2624618830A3600D3244D /* Images.xcassets in Resources */,
				653C09D71EAE4C0000BA4C4A /* icon-29x29.png in Resources */,
				DFB2623518830A3600D3244D,
				653C09D81EAE4C0000BA4C4A /* icon-76x76.png in Resources */,
				A3F4C3A71A49A6AC0019A09F /* launchImage.png in Resources */,
				DFDF45311932042B00A6E581 /* legal.rtf in Resources */,
				A3F4C3A31A49A5090019A09F,
				656916D91FCB82BC00667B2A /* GoogleService-Info.plist in Resources */,
				A3F4C3A51A49A5940019A09F /* MainLaunchScreen.xib in Resources */,
				DFDA3CEA193CADB200888039 /* ping.wav in Resources */,
			);
			runOnlyForDeploymentPostprocessing = 0;
		};
		DFB2624918830A3600D3244D /* Resources */ = {
			isa = PBXResourcesBuildPhase;
			buildActionMask = 2147483647;
			files = (
				DFB2625718830A3600D3244D,
			);
			runOnlyForDeploymentPostprocessing = 0;
		};
/* End PBXResourcesBuildPhase section */

/* Begin PBXShellScriptBuildPhase section */
		6562C91D1FCF2B56008C61CE /* ShellScript */ = {
			isa = PBXShellScriptBuildPhase;
			buildActionMask = 2147483647;
			files = (
			);
			inputPaths = (
			);
			outputPaths = (
			);
			runOnlyForDeploymentPostprocessing = 0;
			shellPath = /bin/sh;
			shellScript = "\"${PODS_ROOT}/Fabric/run\"\n";
		};
		9543C2DDD9BFDB7DD06CF7DE /* ShellScript */ = {
			isa = PBXShellScriptBuildPhase;
			buildActionMask = 2147483647;
			files = (
			);
			inputPaths = (
				"${PODS_PODFILE_DIR_PATH}/Podfile.lock",
				"${PODS_ROOT}/Manifest.lock",
			);
			name = "[CP] Check Pods Manifest.lock";
			outputPaths = (
				"$(DERIVED_FILE_DIR)/Pods-openHAB-checkManifestLockResult.txt",
			);
			runOnlyForDeploymentPostprocessing = 0;
			shellPath = /bin/sh;
			shellScript = "diff \"${PODS_PODFILE_DIR_PATH}/Podfile.lock\" \"${PODS_ROOT}/Manifest.lock\" > /dev/null\nif [ $? != 0 ] ; then\n    # print error to STDERR\n    echo \"error: The sandbox is not in sync with the Podfile.lock. Run 'pod install' or update your CocoaPods installation.\" >&2\n    exit 1\nfi\n# This output is used by Xcode 'outputs' to avoid re-running this script phase.\necho \"SUCCESS\" > \"${SCRIPT_OUTPUT_FILE_0}\"\n";
			showEnvVarsInLog = 0;
		};
		CE459E4F9AA10964E3EDBD8A /* ShellScript */ = {
			isa = PBXShellScriptBuildPhase;
			buildActionMask = 2147483647;
			files = (
			);
			inputPaths = (
				"${PODS_ROOT}/Target Support Files/Pods-openHAB/Pods-openHAB-frameworks.sh",
				"${BUILT_PRODUCTS_DIR}/AFNetworking/AFNetworking.framework",
				"${BUILT_PRODUCTS_DIR}/GDataXML-HTML/GDataXML_HTML.framework",
				"${BUILT_PRODUCTS_DIR}/GoogleUtilities/GoogleUtilities.framework",
				"${BUILT_PRODUCTS_DIR}/HexColors/HexColors.framework",
				"${BUILT_PRODUCTS_DIR}/MMDrawerController/MMDrawerController.framework",
				"${BUILT_PRODUCTS_DIR}/MMDrawerController+Storyboard/MMDrawerController_Storyboard.framework",
				"${BUILT_PRODUCTS_DIR}/NKOColorPickerView/NKOColorPickerView.framework",
				"${BUILT_PRODUCTS_DIR}/SDWebImage/SDWebImage.framework",
				"${BUILT_PRODUCTS_DIR}/TSMessages/TSMessages.framework",
				"${BUILT_PRODUCTS_DIR}/nanopb/nanopb.framework",
			);
			name = "[CP] Embed Pods Frameworks";
			outputPaths = (
				"${TARGET_BUILD_DIR}/${FRAMEWORKS_FOLDER_PATH}/AFNetworking.framework",
				"${TARGET_BUILD_DIR}/${FRAMEWORKS_FOLDER_PATH}/GDataXML_HTML.framework",
				"${TARGET_BUILD_DIR}/${FRAMEWORKS_FOLDER_PATH}/GoogleUtilities.framework",
				"${TARGET_BUILD_DIR}/${FRAMEWORKS_FOLDER_PATH}/HexColors.framework",
				"${TARGET_BUILD_DIR}/${FRAMEWORKS_FOLDER_PATH}/MMDrawerController.framework",
				"${TARGET_BUILD_DIR}/${FRAMEWORKS_FOLDER_PATH}/MMDrawerController_Storyboard.framework",
				"${TARGET_BUILD_DIR}/${FRAMEWORKS_FOLDER_PATH}/NKOColorPickerView.framework",
				"${TARGET_BUILD_DIR}/${FRAMEWORKS_FOLDER_PATH}/SDWebImage.framework",
				"${TARGET_BUILD_DIR}/${FRAMEWORKS_FOLDER_PATH}/TSMessages.framework",
				"${TARGET_BUILD_DIR}/${FRAMEWORKS_FOLDER_PATH}/nanopb.framework",
			);
			runOnlyForDeploymentPostprocessing = 0;
			shellPath = /bin/sh;
			shellScript = "\"${PODS_ROOT}/Target Support Files/Pods-openHAB/Pods-openHAB-frameworks.sh\"\n";
			showEnvVarsInLog = 0;
		};
		DAEAA89921E1F4BD00267EA3 /* ShellScript */ = {
			isa = PBXShellScriptBuildPhase;
			buildActionMask = 2147483647;
			files = (
			);
			inputFileListPaths = (
			);
			inputPaths = (
			);
			outputFileListPaths = (
			);
			outputPaths = (
			);
			runOnlyForDeploymentPostprocessing = 0;
			shellPath = /bin/sh;
			shellScript = "if which swiftlint >/dev/null; then\n    swiftlint\nelse\n   echo \"warning: SwiftLint not installed, download from https://github.com/realm/SwiftLint\"\nfi\n";
		};
/* End PBXShellScriptBuildPhase section */

/* Begin PBXSourcesBuildPhase section */
		DFB2622318830A3600D3244D /* Sources */ = {
			isa = PBXSourcesBuildPhase;
			buildActionMask = 2147483647;
			files = (
				DFE104121973FC7500D94943 /* AFRememberingSecurityPolicy.m in Sources */,
				DF06F1FF18FEFEDF0011E7B9 /* ChartUITableViewCell.swift in Sources */,
				DF06F1F918FEA8420011E7B9 /* ColorPickerUITableViewCell.swift in Sources */,
				DF06F1FC18FEC2020011E7B9 /* ColorPickerViewController.swift in Sources */,
				DAA42BAC21DC984A00244B2A /* WebUITableViewCell.swift in Sources */,
				DF05EF121D00696200DD646D /* DrawerUITableViewCell.swift in Sources */,
				DF4B84131886DAC400F34902 /* FrameUITableViewCell.swift in Sources */,
				DF4B84161886EACA00F34902 /* GenericUITableViewCell.swift in Sources */,
				DFB2623718830A3600D3244D /* main.m in Sources */,
				DF2B6ADD18EF4D660063819F /* NSData+HexString.m in Sources */,
				DFDEE41418832323008B26AC /* NSMutableURLRequest+Auth.m in Sources */,
				B7D5ECE121499E55001B0EC6 /* MapViewTableViewCell.swift in Sources */,
				DAA42BAA21DC983B00244B2A /* VideoUITableViewCell.swift in Sources */,
				DFDEE402188322BD008B26AC /* NSObject+Data.m in Sources */,
				DFB2623B18830A3600D3244D /* OpenHABAppDelegate.m in Sources */,
				DF4B84041885A53700F34902 /* OpenHABDataObject.m in Sources */,
				DF4A02421CF34096006C3456 /* OpenHABDrawerItem.swift in Sources */,
				DF4A022C1CF315BA006C3456 /* OpenHABDrawerTableViewController.swift in Sources */,
				DFDF45341934699B00A6E581 /* OpenHABInfoViewController.swift in Sources */,
				DFDEE40D188322FA008B26AC /* OpenHABItem.m in Sources */,
				DFDF452F1932032B00A6E581 /* OpenHABLegalViewController.swift in Sources */,
				DAEAA89721DF8D8C00267EA3 /* OpenHABSelectionTableViewControllerDelegate.swift in Sources */,
				DFDEE40E188322FA008B26AC /* OpenHABLinkedPage.swift in Sources */,
				DAEAA89B21E2611000267EA3 /* OpenHABNotificationsViewController.swift in Sources */,
				DF1B302D1CF5C667009C921C /* OpenHABNotification.swift in Sources */,
				DF06F1F618FE7A160011E7B9 /* OpenHABSelectionTableViewController.swift in Sources */,
				DF4B840018857FD900F34902 /* OpenHABSelectSitemapViewController.swift in Sources */,
				DAA42BA821DC97E000244B2A /* NotificationTableViewCell.swift in Sources */,
				DFDEE3FD18831099008B26AC /* OpenHABSettingsViewController.swift in Sources */,
				DAEAA89F21E6B16600267EA3 /* UITableView.swift in Sources */,
				DFDEE40F188322FA008B26AC /* OpenHABSitemap.m in Sources */,
				DFDEE410188322FA008B26AC /* OpenHABSitemapPage.m in Sources */,
				DFDEE4171883C6A5008B26AC /* OpenHABTracker.m in Sources */,
				DFB2624418830A3600D3244D /* OpenHABViewController.swift in Sources */,
				DFDEE411188322FA008B26AC /* OpenHABWidget.m in Sources */,
				DFA16EBE1889867B00EDB0BB /* OpenHABWidgetMapping.swift in Sources */,
				DFDEE41D1883EB99008B26AC /* Reachability+URL.m in Sources */,
				DFDEE41A1883EB18008B26AC /* Reachability.m in Sources */,
				DF05FF2018965B5400FF2F9B /* RollershutterUITableViewCell.swift in Sources */,
				DFA16EC118898A8400EDB0BB /* SegmentedUITableViewCell.swift in Sources */,
				DAEAA89D21E6B06400267EA3 /* ReusableView.swift in Sources */,
				DF05FF231896BD2D00FF2F9B /* SelectionUITableViewCell.swift in Sources */,
				DFA16EB818883CF300EDB0BB /* SetpointUITableViewCell.swift in Sources */,
				DFA16EBB18883DE500EDB0BB /* SliderUITableViewCell.swift in Sources */,
				DFA13CB418872EBD006355C3 /* SwitchUITableViewCell.swift in Sources */,
				DF75996D1976CD0C0098F90D /* UIAlertView+Block.swift in Sources */,
				DAA42BAE21DC987C00244B2A /* ImageUITableViewCell.swift in Sources */,
				DFFD8FD118EDBD4F003B502A /* UICircleButton.swift in Sources */,
			);
			runOnlyForDeploymentPostprocessing = 0;
		};
		DFB2624718830A3600D3244D /* Sources */ = {
			isa = PBXSourcesBuildPhase;
			buildActionMask = 2147483647;
			files = (
				DFB2625918830A3600D3244D /* openHABTests.m in Sources */,
			);
			runOnlyForDeploymentPostprocessing = 0;
		};
/* End PBXSourcesBuildPhase section */

/* Begin PBXTargetDependency section */
		DFB2625118830A3600D3244D /* PBXTargetDependency */ = {
			isa = PBXTargetDependency;
			target = DFB2622618830A3600D3244D /* openHAB */;
			targetProxy = DFB2625018830A3600D3244D /* PBXContainerItemProxy */;
		};
/* End PBXTargetDependency section */

/* Begin PBXVariantGroup section */
		A3F4C3A11A49A5090019A09F /* Main.storyboard */ = {
			isa = PBXVariantGroup;
			children = (
				A3F4C3A21A49A5090019A09F /* Base */,
			);
			name = Main.storyboard;
			path = ..;
			sourceTree = "<group>";
		};
		DFB2623318830A3600D3244D /* InfoPlist.strings */ = {
			isa = PBXVariantGroup;
			children = (
				DFB2623418830A3600D3244D /* en */,
			);
			name = InfoPlist.strings;
			sourceTree = "<group>";
		};
		DFB2625518830A3600D3244D /* InfoPlist.strings */ = {
			isa = PBXVariantGroup;
			children = (
				DFB2625618830A3600D3244D /* en */,
			);
			name = InfoPlist.strings;
			sourceTree = "<group>";
		};
/* End PBXVariantGroup section */

/* Begin XCBuildConfiguration section */
		DFB2625A18830A3600D3244D /* Debug */ = {
			isa = XCBuildConfiguration;
			buildSettings = {
				ALWAYS_SEARCH_USER_PATHS = NO;
				CLANG_CXX_LANGUAGE_STANDARD = "gnu++0x";
				CLANG_CXX_LIBRARY = "libc++";
				CLANG_ENABLE_MODULES = YES;
				CLANG_ENABLE_OBJC_ARC = YES;
				CLANG_WARN_BLOCK_CAPTURE_AUTORELEASING = YES;
				CLANG_WARN_BOOL_CONVERSION = YES;
				CLANG_WARN_COMMA = YES;
				CLANG_WARN_CONSTANT_CONVERSION = YES;
				CLANG_WARN_DEPRECATED_OBJC_IMPLEMENTATIONS = YES;
				CLANG_WARN_DIRECT_OBJC_ISA_USAGE = YES_ERROR;
				CLANG_WARN_EMPTY_BODY = YES;
				CLANG_WARN_ENUM_CONVERSION = YES;
				CLANG_WARN_INFINITE_RECURSION = YES;
				CLANG_WARN_INT_CONVERSION = YES;
				CLANG_WARN_NON_LITERAL_NULL_CONVERSION = YES;
				CLANG_WARN_OBJC_IMPLICIT_RETAIN_SELF = YES;
				CLANG_WARN_OBJC_LITERAL_CONVERSION = YES;
				CLANG_WARN_OBJC_ROOT_CLASS = YES_ERROR;
				CLANG_WARN_RANGE_LOOP_ANALYSIS = YES;
				CLANG_WARN_STRICT_PROTOTYPES = NO;
				CLANG_WARN_SUSPICIOUS_MOVE = YES;
				CLANG_WARN_UNREACHABLE_CODE = YES;
				CLANG_WARN__DUPLICATE_METHOD_MATCH = YES;
				"CODE_SIGN_IDENTITY[sdk=iphoneos*]" = "iPhone Developer";
				COPY_PHASE_STRIP = NO;
				ENABLE_STRICT_OBJC_MSGSEND = YES;
				ENABLE_TESTABILITY = YES;
				GCC_C_LANGUAGE_STANDARD = gnu99;
				GCC_DYNAMIC_NO_PIC = NO;
				GCC_NO_COMMON_BLOCKS = YES;
				GCC_OPTIMIZATION_LEVEL = 0;
				GCC_PREPROCESSOR_DEFINITIONS = (
					"DEBUG=1",
					"$(inherited)",
				);
				GCC_SYMBOLS_PRIVATE_EXTERN = NO;
				GCC_WARN_64_TO_32_BIT_CONVERSION = YES;
				GCC_WARN_ABOUT_RETURN_TYPE = YES_ERROR;
				GCC_WARN_UNDECLARED_SELECTOR = YES;
				GCC_WARN_UNINITIALIZED_AUTOS = YES;
				GCC_WARN_UNUSED_FUNCTION = YES;
				GCC_WARN_UNUSED_VARIABLE = YES;
				IPHONEOS_DEPLOYMENT_TARGET = 8.0;
				ONLY_ACTIVE_ARCH = YES;
				SDKROOT = iphoneos;
				TARGETED_DEVICE_FAMILY = "1,2";
			};
			name = Debug;
		};
		DFB2625B18830A3600D3244D /* Release */ = {
			isa = XCBuildConfiguration;
			buildSettings = {
				ALWAYS_SEARCH_USER_PATHS = NO;
				CLANG_CXX_LANGUAGE_STANDARD = "gnu++0x";
				CLANG_CXX_LIBRARY = "libc++";
				CLANG_ENABLE_MODULES = YES;
				CLANG_ENABLE_OBJC_ARC = YES;
				CLANG_WARN_BLOCK_CAPTURE_AUTORELEASING = YES;
				CLANG_WARN_BOOL_CONVERSION = YES;
				CLANG_WARN_COMMA = YES;
				CLANG_WARN_CONSTANT_CONVERSION = YES;
				CLANG_WARN_DEPRECATED_OBJC_IMPLEMENTATIONS = YES;
				CLANG_WARN_DIRECT_OBJC_ISA_USAGE = YES_ERROR;
				CLANG_WARN_EMPTY_BODY = YES;
				CLANG_WARN_ENUM_CONVERSION = YES;
				CLANG_WARN_INFINITE_RECURSION = YES;
				CLANG_WARN_INT_CONVERSION = YES;
				CLANG_WARN_NON_LITERAL_NULL_CONVERSION = YES;
				CLANG_WARN_OBJC_IMPLICIT_RETAIN_SELF = YES;
				CLANG_WARN_OBJC_LITERAL_CONVERSION = YES;
				CLANG_WARN_OBJC_ROOT_CLASS = YES_ERROR;
				CLANG_WARN_RANGE_LOOP_ANALYSIS = YES;
				CLANG_WARN_STRICT_PROTOTYPES = NO;
				CLANG_WARN_SUSPICIOUS_MOVE = YES;
				CLANG_WARN_UNREACHABLE_CODE = YES;
				CLANG_WARN__DUPLICATE_METHOD_MATCH = YES;
				"CODE_SIGN_IDENTITY[sdk=iphoneos*]" = "iPhone Developer";
				COPY_PHASE_STRIP = YES;
				ENABLE_NS_ASSERTIONS = NO;
				ENABLE_STRICT_OBJC_MSGSEND = YES;
				GCC_C_LANGUAGE_STANDARD = gnu99;
				GCC_NO_COMMON_BLOCKS = YES;
				GCC_WARN_64_TO_32_BIT_CONVERSION = YES;
				GCC_WARN_ABOUT_RETURN_TYPE = YES_ERROR;
				GCC_WARN_UNDECLARED_SELECTOR = YES;
				GCC_WARN_UNINITIALIZED_AUTOS = YES;
				GCC_WARN_UNUSED_FUNCTION = YES;
				GCC_WARN_UNUSED_VARIABLE = YES;
				IPHONEOS_DEPLOYMENT_TARGET = 8.0;
				SDKROOT = iphoneos;
				SWIFT_COMPILATION_MODE = wholemodule;
				TARGETED_DEVICE_FAMILY = "1,2";
				VALIDATE_PRODUCT = YES;
			};
			name = Release;
		};
		DFB2625D18830A3600D3244D /* Debug */ = {
			isa = XCBuildConfiguration;
			baseConfigurationReference = 0B8ADF5EDF627447F5C32ADF;
			buildSettings = {
				ASSETCATALOG_COMPILER_APPICON_NAME = AppIcon;
				CLANG_ENABLE_MODULES = YES;
				CODE_SIGN_ENTITLEMENTS = openHAB/openHAB.entitlements;
				CODE_SIGN_IDENTITY = "";
				"CODE_SIGN_IDENTITY[sdk=iphoneos*]" = "iPhone Developer";
				DEVELOPMENT_TEAM = D6A95UZXVC;
				GCC_PRECOMPILE_PREFIX_HEADER = YES;
				GCC_PREFIX_HEADER = "openHAB/openHAB-Prefix.pch";
				INFOPLIST_FILE = "openHAB/openHAB-Info.plist";
				IPHONEOS_DEPLOYMENT_TARGET = 8.1;
				LD_RUNPATH_SEARCH_PATHS = "$(inherited) @executable_path/Frameworks @executable_path/../Frameworks @executable_path/../../Frameworks @loader_path/Frameworks @loader_path/../Frameworks @loader_path/../../Frameworks";
				LIBRARY_SEARCH_PATHS = "$(inherited)";
				PRODUCT_BUNDLE_IDENTIFIER = "com.reg-labs.openhab";
				PRODUCT_NAME = "$(TARGET_NAME)";
				PROVISIONING_PROFILE = "";
				PROVISIONING_PROFILE_SPECIFIER = "";
				SWIFT_OBJC_BRIDGING_HEADER = "openHAB-Bridging-Header.h";
				SWIFT_OPTIMIZATION_LEVEL = "-Onone";
				SWIFT_VERSION = 4.2;
				WRAPPER_EXTENSION = app;
			};
			name = Debug;
		};
		DFB2625E18830A3600D3244D /* Release */ = {
			isa = XCBuildConfiguration;
			baseConfigurationReference = 92D164D7D26248F747AE06CA;
			buildSettings = {
				ASSETCATALOG_COMPILER_APPICON_NAME = AppIcon;
				CLANG_ENABLE_MODULES = YES;
				CODE_SIGN_ENTITLEMENTS = openHAB/openHAB.entitlements;
				CODE_SIGN_IDENTITY = "";
				"CODE_SIGN_IDENTITY[sdk=iphoneos*]" = "iPhone Developer";
				DEVELOPMENT_TEAM = D6A95UZXVC;
				GCC_PRECOMPILE_PREFIX_HEADER = YES;
				GCC_PREFIX_HEADER = "openHAB/openHAB-Prefix.pch";
				INFOPLIST_FILE = "openHAB/openHAB-Info.plist";
				IPHONEOS_DEPLOYMENT_TARGET = 8.1;
				LD_RUNPATH_SEARCH_PATHS = "$(inherited) @executable_path/Frameworks @executable_path/../Frameworks @executable_path/../../Frameworks @loader_path/Frameworks @loader_path/../Frameworks @loader_path/../../Frameworks";
				LIBRARY_SEARCH_PATHS = "$(inherited)";
				PRODUCT_BUNDLE_IDENTIFIER = "com.reg-labs.openhab";
				PRODUCT_NAME = "$(TARGET_NAME)";
				PROVISIONING_PROFILE = "";
				PROVISIONING_PROFILE_SPECIFIER = "";
				SWIFT_OBJC_BRIDGING_HEADER = "openHAB-Bridging-Header.h";
				SWIFT_VERSION = 4.2;
				WRAPPER_EXTENSION = app;
			};
			name = Release;
		};
		DFB2626018830A3600D3244D /* Debug */ = {
			isa = XCBuildConfiguration;
			buildSettings = {
				BUNDLE_LOADER = "$(BUILT_PRODUCTS_DIR)/openHAB.app/openHAB";
				CLANG_ENABLE_MODULES = YES;
				FRAMEWORK_SEARCH_PATHS = (
					"$(SDKROOT)/Developer/Library/Frameworks",
					"$(inherited)",
					"$(DEVELOPER_FRAMEWORKS_DIR)",
				);
				GCC_PRECOMPILE_PREFIX_HEADER = YES;
				GCC_PREFIX_HEADER = "openHAB/openHAB-Prefix.pch";
				GCC_PREPROCESSOR_DEFINITIONS = (
					"DEBUG=1",
					"$(inherited)",
				);
				INFOPLIST_FILE = "openHABTests/openHABTests-Info.plist";
				LD_RUNPATH_SEARCH_PATHS = "$(inherited) @executable_path/Frameworks @executable_path/../Frameworks @executable_path/../../Frameworks @loader_path/Frameworks @loader_path/../Frameworks @loader_path/../../Frameworks";
				PRODUCT_BUNDLE_IDENTIFIER = "org.openhab.${PRODUCT_NAME:rfc1034identifier}";
				PRODUCT_NAME = "$(TARGET_NAME)";
				SWIFT_OPTIMIZATION_LEVEL = "-Onone";
				SWIFT_VERSION = 4.2;
				TEST_HOST = "$(BUNDLE_LOADER)";
				WRAPPER_EXTENSION = xctest;
			};
			name = Debug;
		};
		DFB2626118830A3600D3244D /* Release */ = {
			isa = XCBuildConfiguration;
			buildSettings = {
				BUNDLE_LOADER = "$(BUILT_PRODUCTS_DIR)/openHAB.app/openHAB";
				CLANG_ENABLE_MODULES = YES;
				FRAMEWORK_SEARCH_PATHS = (
					"$(SDKROOT)/Developer/Library/Frameworks",
					"$(inherited)",
					"$(DEVELOPER_FRAMEWORKS_DIR)",
				);
				GCC_PRECOMPILE_PREFIX_HEADER = YES;
				GCC_PREFIX_HEADER = "openHAB/openHAB-Prefix.pch";
				INFOPLIST_FILE = "openHABTests/openHABTests-Info.plist";
				LD_RUNPATH_SEARCH_PATHS = "$(inherited) @executable_path/Frameworks @executable_path/../Frameworks @executable_path/../../Frameworks @loader_path/Frameworks @loader_path/../Frameworks @loader_path/../../Frameworks";
				PRODUCT_BUNDLE_IDENTIFIER = "org.openhab.${PRODUCT_NAME:rfc1034identifier}";
				PRODUCT_NAME = "$(TARGET_NAME)";
				SWIFT_VERSION = 4.2;
				TEST_HOST = "$(BUNDLE_LOADER)";
				WRAPPER_EXTENSION = xctest;
			};
			name = Release;
		};
/* End XCBuildConfiguration section */

/* Begin XCConfigurationList section */
		DFB2622218830A3600D3244D /* Build configuration list for PBXProject "openHAB" */ = {
			isa = XCConfigurationList;
			buildConfigurations = (
				DFB2625A18830A3600D3244D /* Debug */,
				DFB2625B18830A3600D3244D /* Release */,
			);
			defaultConfigurationIsVisible = 0;
			defaultConfigurationName = Release;
		};
		DFB2625C18830A3600D3244D /* Build configuration list for PBXNativeTarget "openHAB" */ = {
			isa = XCConfigurationList;
			buildConfigurations = (
				DFB2625D18830A3600D3244D /* Debug */,
				DFB2625E18830A3600D3244D /* Release */,
			);
			defaultConfigurationIsVisible = 0;
			defaultConfigurationName = Release;
		};
		DFB2625F18830A3600D3244D /* Build configuration list for PBXNativeTarget "openHABTests" */ = {
			isa = XCConfigurationList;
			buildConfigurations = (
				DFB2626018830A3600D3244D /* Debug */,
				DFB2626118830A3600D3244D /* Release */,
			);
			defaultConfigurationIsVisible = 0;
			defaultConfigurationName = Release;
		};
/* End XCConfigurationList section */
	};
	rootObject = DFB2621F18830A3600D3244D /* Project object */;
}
