{
  "object": {
    "pins": [
      {
        "package": "abseil",
        "repositoryURL": "https://github.com/google/abseil-cpp-binary.git",
        "state": {
          "branch": null,
          "revision": "bfc0b6f81adc06ce5121eb23f628473638d67c5c",
          "version": "1.2022062300.0"
        }
      },
      {
        "package": "Alamofire",
        "repositoryURL": "https://github.com/Alamofire/Alamofire.git",
        "state": {
          "branch": null,
          "revision": "d120af1e8638c7da36c8481fd61a66c0c08dc4fc",
          "version": "5.4.4"
        }
      },
      {
        "package": "AlamofireNetworkActivityIndicator",
        "repositoryURL": "https://github.com/Alamofire/AlamofireNetworkActivityIndicator.git",
        "state": {
          "branch": null,
          "revision": "392bed083e8d193aca16bfa684ee24e4bcff0510",
          "version": "3.1.0"
        }
      },
      {
        "package": "AppCheck",
        "repositoryURL": "https://github.com/google/app-check.git",
        "state": {
          "branch": null,
          "revision": "3e464dad87dad2d29bb29a97836789bf0f8f67d2",
          "version": "10.18.1"
        }
      },
      {
        "package": "CocoaLumberjack",
        "repositoryURL": "https://github.com/CocoaLumberjack/CocoaLumberjack.git",
        "state": {
          "branch": null,
          "revision": "80ada1f753b0d53d9b57c465936a7c4169375002",
          "version": "3.7.4"
        }
      },
      {
        "package": "DeviceKit",
        "repositoryURL": "https://github.com/devicekit/DeviceKit.git",
        "state": {
          "branch": null,
          "revision": "6b58d9a61ea0a7fd23f2e6092821dea2342c2f5a",
          "version": "4.5.0"
        }
      },
      {
        "package": "DynamicButton",
        "repositoryURL": "https://github.com/yannickl/DynamicButton.git",
        "state": {
          "branch": null,
          "revision": "4fbd60e46a548e77fd118483bbb4e58d3c11c5ed",
          "version": "6.2.1"
        }
      },
      {
        "package": "Firebase",
        "repositoryURL": "https://github.com/firebase/firebase-ios-sdk.git",
        "state": {
          "branch": null,
          "revision": "f91c8167141d0279726c6f6d9d4a47c026785cbc",
          "version": "10.21.0"
        }
      },
      {
        "package": "FlexColorPicker",
        "repositoryURL": "https://github.com/RastislavMirek/FlexColorPicker.git",
        "state": {
          "branch": null,
          "revision": "72a5c2c5e28074e6c5f13efe3c98eb780ae2f906",
          "version": "1.4.4"
        }
      },
      {
        "package": "Fuzi",
        "repositoryURL": "https://github.com/cezheng/Fuzi.git",
        "state": {
          "branch": null,
          "revision": "f08c8323da21e985f3772610753bcfc652c2103f",
          "version": "3.1.3"
        }
      },
      {
        "package": "GoogleAppMeasurement",
        "repositoryURL": "https://github.com/google/GoogleAppMeasurement.git",
        "state": {
          "branch": null,
          "revision": "cb8617fab75d181270a1d8f763f26b15c73e2e1e",
          "version": "10.21.0"
        }
      },
      {
        "package": "GoogleDataTransport",
        "repositoryURL": "https://github.com/google/GoogleDataTransport.git",
        "state": {
          "branch": null,
          "revision": "a732a4b47f59e4f725a2ea10f0c77e93a7131117",
          "version": "9.3.0"
        }
      },
      {
        "package": "GoogleUtilities",
        "repositoryURL": "https://github.com/google/GoogleUtilities.git",
        "state": {
          "branch": null,
          "revision": "bc27fad73504f3d4af235de451f02ee22586ebd3",
          "version": "7.12.1"
        }
      },
      {
        "package": "gRPC",
        "repositoryURL": "https://github.com/google/grpc-binary.git",
        "state": {
          "branch": null,
          "revision": "a673bc2937fbe886dd1f99c401b01b6d977a9c98",
          "version": "1.49.1"
        }
      },
      {
        "package": "GTMSessionFetcher",
        "repositoryURL": "https://github.com/google/gtm-session-fetcher.git",
        "state": {
          "branch": null,
          "revision": "76135c9f4e1ac85459d5fec61b6f76ac47ab3a4c",
          "version": "3.3.1"
        }
      },
      {
        "package": "InteropForGoogle",
        "repositoryURL": "https://github.com/google/interop-ios-for-google-sdks.git",
        "state": {
          "branch": null,
          "revision": "2d12673670417654f08f5f90fdd62926dc3a2648",
          "version": "100.0.0"
        }
      },
      {
        "package": "Kingfisher",
        "repositoryURL": "https://github.com/onevcat/Kingfisher.git",
        "state": {
          "branch": null,
          "revision": "c1f60c63f356d364f4284ba82961acbe7de79bcc",
          "version": "7.8.1"
        }
      },
      {
        "package": "leveldb",
        "repositoryURL": "https://github.com/firebase/leveldb.git",
        "state": {
          "branch": null,
          "revision": "0706abcc6b0bd9cedfbb015ba840e4a780b5159b",
          "version": "1.22.2"
        }
      },
      {
        "package": "nanopb",
        "repositoryURL": "https://github.com/firebase/nanopb.git",
        "state": {
          "branch": null,
          "revision": "819d0a2173aff699fb8c364b6fb906f7cdb1a692",
          "version": "2.30909.0"
        }
      },
      {
        "package": "Promises",
        "repositoryURL": "https://github.com/google/promises.git",
        "state": {
          "branch": null,
          "revision": "540318ecedd63d883069ae7f1ed811a2df00b6ac",
          "version": "2.4.0"
        }
      },
      {
        "package": "SideMenu",
        "repositoryURL": "https://github.com/jonkykong/SideMenu.git",
        "state": {
          "branch": null,
          "revision": "8bd4fd128923cf5494fa726839af8afe12908ad9",
          "version": "6.5.0"
        }
      },
      {
        "package": "SVGKit",
        "repositoryURL": "https://github.com/SVGKit/SVGKit.git",
        "state": {
          "branch": "3.x",
          "revision": "ab87d9d066d35bd4b72c6935fdd5782e7ecb10ce",
          "version": null
        }
      },
      {
        "package": "swift-log",
        "repositoryURL": "https://github.com/apple/swift-log.git",
        "state": {
          "branch": null,
          "revision": "5d66f7ba25daf4f94100e7022febf3c75e37a6c7",
          "version": "1.4.2"
        }
      },
      {
        "package": "SwiftProtobuf",
        "repositoryURL": "https://github.com/apple/swift-protobuf.git",
        "state": {
          "branch": null,
          "revision": "65e8f29b2d63c4e38e736b25c27b83e012159be8",
          "version": "1.25.2"
        }
      },
      {
        "package": "SwiftMessages",
        "repositoryURL": "https://github.com/SwiftKickMobile/SwiftMessages.git",
        "state": {
          "branch": null,
          "revision": "b29dd21090b708aa0ae9ecbaf6e2d0487028dc3f",
          "version": "9.0.6"
        }
      }
    ]
  },
  "version": 1
}
